lockfileVersion: '9.0'

settings:
  autoInstallPeers: true
  excludeLinksFromLockfile: false

importers:

  .:
    dependencies:
      '@angular/common':
        specifier: ~22.0.0
        version: 22.0.5(@angular/core@22.0.5(@angular/compiler@22.0.5)(rxjs@7.8.2))(rxjs@7.8.2)
      '@angular/core':
        specifier: ~22.0.0
        version: 22.0.5(@angular/compiler@22.0.5)(rxjs@7.8.2)
      '@angular/platform-browser':
        specifier: ~22.0.0
        version: 22.0.5(@angular/common@22.0.5(@angular/core@22.0.5(@angular/compiler@22.0.5)(rxjs@7.8.2))(rxjs@7.8.2))(@angular/core@22.0.5(@angular/compiler@22.0.5)(rxjs@7.8.2))
      '@angular/platform-server':
        specifier: ~22.0.0
        version: 22.0.5(@angular/common@22.0.5(@angular/core@22.0.5(@angular/compiler@22.0.5)(rxjs@7.8.2))(rxjs@7.8.2))(@angular/compiler@22.0.5)(@angular/core@22.0.5(@angular/compiler@22.0.5)(rxjs@7.8.2))(@angular/platform-browser@22.0.5(@angular/common@22.0.5(@angular/core@22.0.5(@angular/compiler@22.0.5)(rxjs@7.8.2))(rxjs@7.8.2))(@angular/core@22.0.5(@angular/compiler@22.0.5)(rxjs@7.8.2)))(rxjs@7.8.2)
      '@angular/router':
        specifier: ~22.0.0
        version: 22.0.5(@angular/common@22.0.5(@angular/core@22.0.5(@angular/compiler@22.0.5)(rxjs@7.8.2))(rxjs@7.8.2))(@angular/core@22.0.5(@angular/compiler@22.0.5)(rxjs@7.8.2))(@angular/platform-browser@22.0.5(@angular/common@22.0.5(@angular/core@22.0.5(@angular/compiler@22.0.5)(rxjs@7.8.2))(rxjs@7.8.2))(@angular/core@22.0.5(@angular/compiler@22.0.5)(rxjs@7.8.2)))(rxjs@7.8.2)
      '@angular/ssr':
        specifier: ~22.0.0
        version: 22.0.5(@angular/common@22.0.5(@angular/core@22.0.5(@angular/compiler@22.0.5)(rxjs@7.8.2))(rxjs@7.8.2))(@angular/core@22.0.5(@angular/compiler@22.0.5)(rxjs@7.8.2))(@angular/platform-server@22.0.5(@angular/common@22.0.5(@angular/core@22.0.5(@angular/compiler@22.0.5)(rxjs@7.8.2))(rxjs@7.8.2))(@angular/compiler@22.0.5)(@angular/core@22.0.5(@angular/compiler@22.0.5)(rxjs@7.8.2))(@angular/platform-browser@22.0.5(@angular/common@22.0.5(@angular/core@22.0.5(@angular/compiler@22.0.5)(rxjs@7.8.2))(rxjs@7.8.2))(@angular/core@22.0.5(@angular/compiler@22.0.5)(rxjs@7.8.2)))(rxjs@7.8.2))(@angular/router@22.0.5(@angular/common@22.0.5(@angular/core@22.0.5(@angular/compiler@22.0.5)(rxjs@7.8.2))(rxjs@7.8.2))(@angular/core@22.0.5(@angular/compiler@22.0.5)(rxjs@7.8.2))(@angular/platform-browser@22.0.5(@angular/common@22.0.5(@angular/core@22.0.5(@angular/compiler@22.0.5)(rxjs@7.8.2))(rxjs@7.8.2))(@angular/core@22.0.5(@angular/compiler@22.0.5)(rxjs@7.8.2)))(rxjs@7.8.2))
      rxjs:
        specifier: ^7.8.0
        version: 7.8.2
    devDependencies:
      '@nx/angular-rspack':
        specifier: link:../../../packages/angular-rspack
        version: link:../../../packages/angular-rspack
      '@nx/rspack':
        specifier: link:../../../packages/rspack
        version: link:../../../packages/rspack
      '@rspack/cli':
        specifier: ^2.0.4
        version: 2.1.2(@rspack/core@2.1.2)
      '@rspack/core':
        specifier: ^2.0.4
        version: 2.1.2
      nx:
        specifier: link:../../../packages/nx
        version: link:../../../packages/nx
      typescript:
        specifier: ~6.0.3
        version: 6.0.3

packages:

  '@angular/common@22.0.5':
    resolution: {integrity: sha512-8HUuQms6bVjjRBF9FScYzepjhesrsPAjJh8UcHaw9YdGwMSn2eUiLZj9V1PnPV9BVu0beBcnAhX50ceeldbcTg==}
    engines: {node: ^22.22.3 || ^24.15.0 || >=26.0.0}
    peerDependencies:
      '@angular/core': 22.0.5
      rxjs: ^6.5.3 || ^7.4.0

  '@angular/compiler@22.0.5':
    resolution: {integrity: sha512-yGhbEBh2WU1kCubjBD+Eo5bwvZPR+zacDhyPao/PgopH0PiVETd4Iv1gK0ZAvg7XdImgzZfipJXKqTK4JbOFiQ==}
    engines: {node: ^22.22.3 || ^24.15.0 || >=26.0.0}

  '@angular/core@22.0.5':
    resolution: {integrity: sha512-8cc6CLC1u7kNHpUZA15tak0WPHAZTF16DPslXxDdWbw/WIlDGPsNdTW8Nsaeb/G45mLvBcMwcZpOC70R6iRzmA==}
    engines: {node: ^22.22.3 || ^24.15.0 || >=26.0.0}
    peerDependencies:
      '@angular/compiler': 22.0.5
      rxjs: ^6.5.3 || ^7.4.0
      zone.js: ~0.15.0 || ~0.16.0
    peerDependenciesMeta:
      '@angular/compiler':
        optional: true
      zone.js:
        optional: true

  '@angular/platform-browser@22.0.5':
    resolution: {integrity: sha512-Jm0YQ0NsJl3vhzziO+BEmtW5AYIyI+jVGNJHs4nFKLqSPG7DWkBfx4EykHBN5pAR4NLwwaJyFgbgNE/epZJDZQ==}
    engines: {node: ^22.22.3 || ^24.15.0 || >=26.0.0}
    peerDependencies:
      '@angular/animations': 22.0.5
      '@angular/common': 22.0.5
      '@angular/core': 22.0.5
    peerDependenciesMeta:
      '@angular/animations':
        optional: true

  '@angular/platform-server@22.0.5':
    resolution: {integrity: sha512-uajbCaIbXXL9kqi1g3kKftjLBwMg01c6ymYmlXLpDeHBKSllsBzOjWsdtFubKpG4ehr+vUh+38eH4aPVVOCICA==}
    engines: {node: ^22.22.3 || ^24.15.0 || >=26.0.0}
    peerDependencies:
      '@angular/common': 22.0.5
      '@angular/compiler': 22.0.5
      '@angular/core': 22.0.5
      '@angular/platform-browser': 22.0.5
      rxjs: ^6.5.3 || ^7.4.0

  '@angular/router@22.0.5':
    resolution: {integrity: sha512-1S5PCHicRQkQX4z/zjBu9VHMSoT9kOkWI0kuXuswiZtcFhK7kZbVvzrP/dBjc2YUg3AlsxS8iZY6fKFzj3/nBA==}
    engines: {node: ^22.22.3 || ^24.15.0 || >=26.0.0}
    peerDependencies:
      '@angular/common': 22.0.5
      '@angular/core': 22.0.5
      '@angular/platform-browser': 22.0.5
      rxjs: ^6.5.3 || ^7.4.0

  '@angular/ssr@22.0.5':
    resolution: {integrity: sha512-fK1P0M8+0BsVDp5NG/y3l3YHGNdyPRdtox7haLwxZu9nvra1Tra2yfwuURdnCwJKm30TUfdxR+cf5kkresA3tw==}
    peerDependencies:
      '@angular/common': ^22.0.0
      '@angular/core': ^22.0.0
      '@angular/platform-server': ^22.0.0
      '@angular/router': ^22.0.0
    peerDependenciesMeta:
      '@angular/platform-server':
        optional: true

  '@emnapi/core@1.11.1':
    resolution: {integrity: sha512-RSvbQmHzdKzNsLYa/wHrbc3KN4sYLKAdPZxqiM2HATqv/SBk2/ENSHpvXGaLOMcsAyz0poEGqkmmKYG3OWiJEQ==}

  '@emnapi/runtime@1.11.1':
    resolution: {integrity: sha512-vgj7R3y3Wgx24IQaGPA/R6YFXLHVMOZ0uVEyIQPaWs+rd1AzfEMXlAC22FYwO1XkKR6NPsq7mUandH8oIRdZFw==}

  '@emnapi/wasi-threads@1.2.2':
    resolution: {integrity: sha512-c95qOXkHdydNKhscBTebqEC1CVAZpyqOfVfBzQ1qgzyl3gfeldUjIggDbIZgDKsHLgnsM+igH7TJ/eAasaVuMA==}

  '@napi-rs/wasm-runtime@1.1.6':
    resolution: {integrity: sha512-ZLv/JdUfkvOy9eCnnBaGfiO+XimbjebAeO+MRQqD/B+FR1tnRN0tpKSJHRbE8sFfS6aqsXZ67TQjfwfsxULVbg==}
    peerDependencies:
      '@emnapi/core': ^1.7.1
      '@emnapi/runtime': ^1.7.1

  '@rspack/binding-darwin-arm64@2.1.2':
    resolution: {integrity: sha512-IYcxareUOYJZz+uNMSIwn+iDRiVyjZNOjoxO/zL4OFaPK8Ncrw0ka/9DqL9Gd7OpnAXN1zK3uS8yD0O1yIYI3Q==}
    cpu: [arm64]
    os: [darwin]

  '@rspack/binding-darwin-x64@2.1.2':
    resolution: {integrity: sha512-aoifkILvx/XEHyvg8yW57xu95nx7f9f/3ah1+RguHSNKcJMcoCep9VX1Ct1N0ftqg8MC0JUObc7xWL5W14hmjA==}
    cpu: [x64]
    os: [darwin]

  '@rspack/binding-linux-arm64-gnu@2.1.2':
    resolution: {integrity: sha512-My4m40tyJSgiCEf3bB2KIEX710q3nZg99LIjy+8Zxgi3oZTkg1bFmFRusFU5U4eN5408zfSqDDGvjDE3Yv7o4w==}
    cpu: [arm64]
    os: [linux]
    libc: [glibc]

  '@rspack/binding-linux-arm64-musl@2.1.2':
    resolution: {integrity: sha512-yt+GGWUH7WPE8K97cRc8OpZhH7Pbj1vU+lkvKbDtF/rR8X9a/bJsA/nBqyUV2oBKOVbrp5I8rFZlnDskMqgvKw==}
    cpu: [arm64]
    os: [linux]
    libc: [musl]

  '@rspack/binding-linux-riscv64-gnu@2.1.2':
    resolution: {integrity: sha512-uys8Jyw8Z3ralvICbN/L/nZfy5qELIwpOY72rhIqhoDYwFcL4fmMaY7WsvUcJOjCB2rqOcWPaWKuF2oPvo9iDQ==}
    cpu: [riscv64]
    os: [linux]
    libc: [glibc]

  '@rspack/binding-linux-riscv64-musl@2.1.2':
    resolution: {integrity: sha512-JYNVQwqCaRGQWvjHQYzZkIzQiwllMaJwh4Rdu3ww6W2OJcJUqT08sL1pkOtU0iCxT4VUYiRRcp93VGTGpHr8fg==}
    cpu: [riscv64]
    os: [linux]
    libc: [musl]

  '@rspack/binding-linux-x64-gnu@2.1.2':
    resolution: {integrity: sha512-KDoPy0Msf/JLhxgPPrJQzZeB4Qpqd32em8AP5lSW2s6jR5I35dHgAe9xc2A++EQtnSrU4GTn6DBvFC7q84SihQ==}
    cpu: [x64]
    os: [linux]
    libc: [glibc]

  '@rspack/binding-linux-x64-musl@2.1.2':
    resolution: {integrity: sha512-66hWmIGvn4zCKAYXJE9Bp5SNSLYnLFq2Ke/efE+ZtWy43Dd5vk9AAOmThVGBwdwmIxmGtHGCp+cAuS4G0wu0TA==}
    cpu: [x64]
    os: [linux]
    libc: [musl]

  '@rspack/binding-wasm32-wasi@2.1.2':
    resolution: {integrity: sha512-EB4SqH8DW/E/OmqssNQvnIVGQiVUyYNlA/pcc6Ia4MlTNwu6eNDppcNLrToH+kSZpL4CpHSFfSM3eIsSuar2Rw==}
    cpu: [wasm32]

  '@rspack/binding-win32-arm64-msvc@2.1.2':
    resolution: {integrity: sha512-T6Fs/g32MRja/UpCq4AdyPRj8tA0cOkcEa4PrAcn/ztUgK8b/qMVxj5mhMI+n7k+kHZQnpeB1Q4HqdSJi6OocA==}
    cpu: [arm64]
    os: [win32]

  '@rspack/binding-win32-ia32-msvc@2.1.2':
    resolution: {integrity: sha512-OtxkFVz14mVL4QK8QriSELn9B6PaYGHw1jGJwVDEzpu2ZxSHCTQPz9dVE1ekYtREEqZUkRU7Fp7VfhJSmjTt2Q==}
    cpu: [ia32]
    os: [win32]

  '@rspack/binding-win32-x64-msvc@2.1.2':
    resolution: {integrity: sha512-Am+nx9fLF3nzgD/K05Bs1Bb+WO8SFLWAYRbXkymaL1r+RQxjRj7jd5ap2PhGOCcfaNA4yVWkAFvmFP92eRu7bQ==}
    cpu: [x64]
    os: [win32]

  '@rspack/binding@2.1.2':
    resolution: {integrity: sha512-/mFcRSUW7Pl19KeaBIujJvZYNJQu0wD5D3aa5h+Qcph26v7nmLYlX7eajIHGi8tt2qTZX1lXifw2KLIXKwYaRQ==}

  '@rspack/cli@2.1.2':
    resolution: {integrity: sha512-GTBsKuaeqDii6NaGPkQwvycMSjqMUMMRGiAwH0sXsFIn8X7sFa4xpoL7pIhbebVBDGzYhUBqWzNQFuL5u2FeoQ==}
    hasBin: true
    peerDependencies:
      '@rspack/core': ^2.0.0-0
      '@rspack/dev-server': ^2.0.0-0
    peerDependenciesMeta:
      '@rspack/dev-server':
        optional: true

  '@rspack/core@2.1.2':
    resolution: {integrity: sha512-crpNQKhHfnzrIl4Sa4fjH30Ho5aAPgyqpmJZ41SkUFOzyKHdZKYfE5LF3CMh7MiFQFPPxiiKf5BcpxmtZZx4MQ==}
    engines: {node: ^20.19.0 || >=22.12.0}
    peerDependencies:
      '@module-federation/runtime-tools': ^0.24.1 || ^2.0.0
      '@swc/helpers': ^0.5.23
    peerDependenciesMeta:
      '@module-federation/runtime-tools':
        optional: true
      '@swc/helpers':
        optional: true

  '@tybys/wasm-util@0.10.3':
    resolution: {integrity: sha512-F3fo1MYrRJYL3zER0OUOmkutjr1Vp23m7OsSgp7nq4SP6OqX6C/56XFIPAl5bt3zaBRjmW7SGz3u/6LwFpYcOg==}

  rxjs@7.8.2:
    resolution: {integrity: sha512-dhKf903U/PQZY6boNNtAGdWbG85WAbjT/1xYoZIC7FAY0yWapOBQVsVrDl58W86//e1VpMNBtRV4MaXfdMySFA==}

  tslib@2.8.1:
    resolution: {integrity: sha512-oJFu94HQb+KVduSUQL7wnpmqnfmLsOA/nAh6b6EH0wCEoK0/mPeXU6c3wKDV83MkOuHPRHtSXKKU99IBazS/2w==}

  typescript@6.0.3:
    resolution: {integrity: sha512-y2TvuxSZPDyQakkFRPZHKFm+KKVqIisdg9/CZwm9ftvKXLP8NRWj38/ODjNbr43SsoXqNuAisEf1GdCxqWcdBw==}
    engines: {node: '>=14.17'}
    hasBin: true

  xhr2@0.2.1:
    resolution: {integrity: sha512-sID0rrVCqkVNUn8t6xuv9+6FViXjUVXq8H5rWOH2rz9fDNQEd4g0EA2XlcEdJXRz5BMEn4O1pJFdT+z4YHhoWw==}
    engines: {node: '>= 6'}

snapshots:

  '@angular/common@22.0.5(@angular/core@22.0.5(@angular/compiler@22.0.5)(rxjs@7.8.2))(rxjs@7.8.2)':
    dependencies:
      '@angular/core': 22.0.5(@angular/compiler@22.0.5)(rxjs@7.8.2)
      rxjs: 7.8.2
      tslib: 2.8.1

  '@angular/compiler@22.0.5':
    dependencies:
      tslib: 2.8.1

  '@angular/core@22.0.5(@angular/compiler@22.0.5)(rxjs@7.8.2)':
    dependencies:
      rxjs: 7.8.2
      tslib: 2.8.1
    optionalDependencies:
      '@angular/compiler': 22.0.5

  '@angular/platform-browser@22.0.5(@angular/common@22.0.5(@angular/core@22.0.5(@angular/compiler@22.0.5)(rxjs@7.8.2))(rxjs@7.8.2))(@angular/core@22.0.5(@angular/compiler@22.0.5)(rxjs@7.8.2))':
    dependencies:
      '@angular/common': 22.0.5(@angular/core@22.0.5(@angular/compiler@22.0.5)(rxjs@7.8.2))(rxjs@7.8.2)
      '@angular/core': 22.0.5(@angular/compiler@22.0.5)(rxjs@7.8.2)
      tslib: 2.8.1

  '@angular/platform-server@22.0.5(@angular/common@22.0.5(@angular/core@22.0.5(@angular/compiler@22.0.5)(rxjs@7.8.2))(rxjs@7.8.2))(@angular/compiler@22.0.5)(@angular/core@22.0.5(@angular/compiler@22.0.5)(rxjs@7.8.2))(@angular/platform-browser@22.0.5(@angular/common@22.0.5(@angular/core@22.0.5(@angular/compiler@22.0.5)(rxjs@7.8.2))(rxjs@7.8.2))(@angular/core@22.0.5(@angular/compiler@22.0.5)(rxjs@7.8.2)))(rxjs@7.8.2)':
    dependencies:
      '@angular/common': 22.0.5(@angular/core@22.0.5(@angular/compiler@22.0.5)(rxjs@7.8.2))(rxjs@7.8.2)
      '@angular/compiler': 22.0.5
      '@angular/core': 22.0.5(@angular/compiler@22.0.5)(rxjs@7.8.2)
      '@angular/platform-browser': 22.0.5(@angular/common@22.0.5(@angular/core@22.0.5(@angular/compiler@22.0.5)(rxjs@7.8.2))(rxjs@7.8.2))(@angular/core@22.0.5(@angular/compiler@22.0.5)(rxjs@7.8.2))
      rxjs: 7.8.2
      tslib: 2.8.1
      xhr2: 0.2.1

  '@angular/router@22.0.5(@angular/common@22.0.5(@angular/core@22.0.5(@angular/compiler@22.0.5)(rxjs@7.8.2))(rxjs@7.8.2))(@angular/core@22.0.5(@angular/compiler@22.0.5)(rxjs@7.8.2))(@angular/platform-browser@22.0.5(@angular/common@22.0.5(@angular/core@22.0.5(@angular/compiler@22.0.5)(rxjs@7.8.2))(rxjs@7.8.2))(@angular/core@22.0.5(@angular/compiler@22.0.5)(rxjs@7.8.2)))(rxjs@7.8.2)':
    dependencies:
      '@angular/common': 22.0.5(@angular/core@22.0.5(@angular/compiler@22.0.5)(rxjs@7.8.2))(rxjs@7.8.2)
      '@angular/core': 22.0.5(@angular/compiler@22.0.5)(rxjs@7.8.2)
      '@angular/platform-browser': 22.0.5(@angular/common@22.0.5(@angular/core@22.0.5(@angular/compiler@22.0.5)(rxjs@7.8.2))(rxjs@7.8.2))(@angular/core@22.0.5(@angular/compiler@22.0.5)(rxjs@7.8.2))
      rxjs: 7.8.2
      tslib: 2.8.1

  '@angular/ssr@22.0.5(@angular/common@22.0.5(@angular/core@22.0.5(@angular/compiler@22.0.5)(rxjs@7.8.2))(rxjs@7.8.2))(@angular/core@22.0.5(@angular/compiler@22.0.5)(rxjs@7.8.2))(@angular/platform-server@22.0.5(@angular/common@22.0.5(@angular/core@22.0.5(@angular/compiler@22.0.5)(rxjs@7.8.2))(rxjs@7.8.2))(@angular/compiler@22.0.5)(@angular/core@22.0.5(@angular/compiler@22.0.5)(rxjs@7.8.2))(@angular/platform-browser@22.0.5(@angular/common@22.0.5(@angular/core@22.0.5(@angular/compiler@22.0.5)(rxjs@7.8.2))(rxjs@7.8.2))(@angular/core@22.0.5(@angular/compiler@22.0.5)(rxjs@7.8.2)))(rxjs@7.8.2))(@angular/router@22.0.5(@angular/common@22.0.5(@angular/core@22.0.5(@angular/compiler@22.0.5)(rxjs@7.8.2))(rxjs@7.8.2))(@angular/core@22.0.5(@angular/compiler@22.0.5)(rxjs@7.8.2))(@angular/platform-browser@22.0.5(@angular/common@22.0.5(@angular/core@22.0.5(@angular/compiler@22.0.5)(rxjs@7.8.2))(rxjs@7.8.2))(@angular/core@22.0.5(@angular/compiler@22.0.5)(rxjs@7.8.2)))(rxjs@7.8.2))':
    dependencies:
      '@angular/common': 22.0.5(@angular/core@22.0.5(@angular/compiler@22.0.5)(rxjs@7.8.2))(rxjs@7.8.2)
      '@angular/core': 22.0.5(@angular/compiler@22.0.5)(rxjs@7.8.2)
      '@angular/router': 22.0.5(@angular/common@22.0.5(@angular/core@22.0.5(@angular/compiler@22.0.5)(rxjs@7.8.2))(rxjs@7.8.2))(@angular/core@22.0.5(@angular/compiler@22.0.5)(rxjs@7.8.2))(@angular/platform-browser@22.0.5(@angular/common@22.0.5(@angular/core@22.0.5(@angular/compiler@22.0.5)(rxjs@7.8.2))(rxjs@7.8.2))(@angular/core@22.0.5(@angular/compiler@22.0.5)(rxjs@7.8.2)))(rxjs@7.8.2)
      tslib: 2.8.1
    optionalDependencies:
      '@angular/platform-server': 22.0.5(@angular/common@22.0.5(@angular/core@22.0.5(@angular/compiler@22.0.5)(rxjs@7.8.2))(rxjs@7.8.2))(@angular/compiler@22.0.5)(@angular/core@22.0.5(@angular/compiler@22.0.5)(rxjs@7.8.2))(@angular/platform-browser@22.0.5(@angular/common@22.0.5(@angular/core@22.0.5(@angular/compiler@22.0.5)(rxjs@7.8.2))(rxjs@7.8.2))(@angular/core@22.0.5(@angular/compiler@22.0.5)(rxjs@7.8.2)))(rxjs@7.8.2)

  '@emnapi/core@1.11.1':
    dependencies:
      '@emnapi/wasi-threads': 1.2.2
      tslib: 2.8.1
    optional: true

  '@emnapi/runtime@1.11.1':
    dependencies:
      tslib: 2.8.1
    optional: true

  '@emnapi/wasi-threads@1.2.2':
    dependencies:
      tslib: 2.8.1
    optional: true

  '@napi-rs/wasm-runtime@1.1.6(@emnapi/core@1.11.1)(@emnapi/runtime@1.11.1)':
    dependencies:
      '@emnapi/core': 1.11.1
      '@emnapi/runtime': 1.11.1
      '@tybys/wasm-util': 0.10.3
    optional: true

  '@rspack/binding-darwin-arm64@2.1.2':
    optional: true

  '@rspack/binding-darwin-x64@2.1.2':
    optional: true

  '@rspack/binding-linux-arm64-gnu@2.1.2':
    optional: true

  '@rspack/binding-linux-arm64-musl@2.1.2':
    optional: true

  '@rspack/binding-linux-riscv64-gnu@2.1.2':
    optional: true

  '@rspack/binding-linux-riscv64-musl@2.1.2':
    optional: true

  '@rspack/binding-linux-x64-gnu@2.1.2':
    optional: true

  '@rspack/binding-linux-x64-musl@2.1.2':
    optional: true

  '@rspack/binding-wasm32-wasi@2.1.2':
    dependencies:
      '@emnapi/core': 1.11.1
      '@emnapi/runtime': 1.11.1
      '@napi-rs/wasm-runtime': 1.1.6(@emnapi/core@1.11.1)(@emnapi/runtime@1.11.1)
    optional: true

  '@rspack/binding-win32-arm64-msvc@2.1.2':
    optional: true

  '@rspack/binding-win32-ia32-msvc@2.1.2':
    optional: true

  '@rspack/binding-win32-x64-msvc@2.1.2':
    optional: true

  '@rspack/binding@2.1.2':
    optionalDependencies:
      '@rspack/binding-darwin-arm64': 2.1.2
      '@rspack/binding-darwin-x64': 2.1.2
      '@rspack/binding-linux-arm64-gnu': 2.1.2
      '@rspack/binding-linux-arm64-musl': 2.1.2
      '@rspack/binding-linux-riscv64-gnu': 2.1.2
      '@rspack/binding-linux-riscv64-musl': 2.1.2
      '@rspack/binding-linux-x64-gnu': 2.1.2
      '@rspack/binding-linux-x64-musl': 2.1.2
      '@rspack/binding-wasm32-wasi': 2.1.2
      '@rspack/binding-win32-arm64-msvc': 2.1.2
      '@rspack/binding-win32-ia32-msvc': 2.1.2
      '@rspack/binding-win32-x64-msvc': 2.1.2

  '@rspack/cli@2.1.2(@rspack/core@2.1.2)':
    dependencies:
      '@rspack/core': 2.1.2

  '@rspack/core@2.1.2':
    dependencies:
      '@rspack/binding': 2.1.2

  '@tybys/wasm-util@0.10.3':
    dependencies:
      tslib: 2.8.1
    optional: true

  rxjs@7.8.2:
    dependencies:
      tslib: 2.8.1

  tslib@2.8.1: {}

  typescript@6.0.3: {}

  xhr2@0.2.1: {}
