# THIS IS AN AUTOGENERATED FILE. DO NOT EDIT THIS FILE DIRECTLY.
# yarn lockfile v1


"@angular-devkit/core@0.0.6":
  version "0.0.6"
  resolved "https://registry.yarnpkg.com/@angular-devkit/core/-/core-0.0.6.tgz#caf25c0c7928196e244b5fe5124256fcef6bce7c"

"@angular-devkit/core@0.0.9":
  version "0.0.9"
  resolved "https://registry.yarnpkg.com/@angular-devkit/core/-/core-0.0.9.tgz#d4620b4355e73f1ccbd1fe8334848d596a80e272"

"@angular-devkit/schematics@0.0.9":
  version "0.0.9"
  resolved "https://registry.yarnpkg.com/@angular-devkit/schematics/-/schematics-0.0.9.tgz#84668c0196648de7e88e1727b2e7defbd7962dfd"
  dependencies:
    "@angular-devkit/core" "0.0.6"
    "@ngtools/json-schema" "^1.1.0"
    minimist "^1.2.0"
    rxjs "^5.4.2"

"@ngtools/json-schema@^1.1.0":
  version "1.1.0"
  resolved "https://registry.yarnpkg.com/@ngtools/json-schema/-/json-schema-1.1.0.tgz#c3a0c544d62392acc2813a42c8a0dc6f58f86922"

"@types/jasmine@2.5.53":
  version "2.5.53"
  resolved "https://registry.yarnpkg.com/@types/jasmine/-/jasmine-2.5.53.tgz#4e0cefad09df5ec48c8dd40433512f84b1568d61"

"@types/node@8.0.7":
  version "8.0.7"
  resolved "https://registry.yarnpkg.com/@types/node/-/node-8.0.7.tgz#fb0ad04b5b6f6eabe0372a32a8f1fbba5c130cae"

minimist@^1.2.0:
  version "1.2.0"
  resolved "https://registry.yarnpkg.com/minimist/-/minimist-1.2.0.tgz#a35008b20f41383eec1fb914f4cd5df79a264284"

rxjs@^5.4.2:
  version "5.4.2"
  resolved "https://registry.yarnpkg.com/rxjs/-/rxjs-5.4.2.tgz#2a3236fcbf03df57bae06fd6972fd99e5c08fcf7"
  dependencies:
    symbol-observable "^1.0.1"

symbol-observable@^1.0.1:
  version "1.0.4"
  resolved "https://registry.yarnpkg.com/symbol-observable/-/symbol-observable-1.0.4.tgz#29bf615d4aa7121bdd898b22d4b3f9bc4e2aa03d"

typescript@2.4.2:
  version "2.4.2"
  resolved "https://registry.yarnpkg.com/typescript/-/typescript-2.4.2.tgz#f8395f85d459276067c988aa41837a8f82870844"
