lockfileVersion: '9.0'

settings:
  autoInstallPeers: true
  excludeLinksFromLockfile: false

importers:

  .:
    dependencies:
      '@angular/common':
        specifier: ~22.0.0
        version: 22.0.5(@angular/core@22.0.5(@angular/compiler@22.0.5)(rxjs@7.8.2))(rxjs@7.8.2)
      '@angular/core':
        specifier: ~22.0.0
        version: 22.0.5(@angular/compiler@22.0.5)(rxjs@7.8.2)
      '@angular/localize':
        specifier: ~22.0.0
        version: 22.0.5(@angular/compiler-cli@22.0.5(@angular/compiler@22.0.5)(typescript@6.0.3))(@angular/compiler@22.0.5)
      '@angular/platform-browser':
        specifier: ~22.0.0
        version: 22.0.5(@angular/common@22.0.5(@angular/core@22.0.5(@angular/compiler@22.0.5)(rxjs@7.8.2))(rxjs@7.8.2))(@angular/core@22.0.5(@angular/compiler@22.0.5)(rxjs@7.8.2))
      '@angular/router':
        specifier: ~22.0.0
        version: 22.0.5(@angular/common@22.0.5(@angular/core@22.0.5(@angular/compiler@22.0.5)(rxjs@7.8.2))(rxjs@7.8.2))(@angular/core@22.0.5(@angular/compiler@22.0.5)(rxjs@7.8.2))(@angular/platform-browser@22.0.5(@angular/common@22.0.5(@angular/core@22.0.5(@angular/compiler@22.0.5)(rxjs@7.8.2))(rxjs@7.8.2))(@angular/core@22.0.5(@angular/compiler@22.0.5)(rxjs@7.8.2)))(rxjs@7.8.2)
      rxjs:
        specifier: ^7.8.0
        version: 7.8.2
    devDependencies:
      '@nx/angular-rspack':
        specifier: link:../../../packages/angular-rspack
        version: link:../../../packages/angular-rspack
      '@nx/rspack':
        specifier: link:../../../packages/rspack
        version: link:../../../packages/rspack
      '@rspack/cli':
        specifier: ^2.0.4
        version: 2.1.2(@rspack/core@2.1.2)
      '@rspack/core':
        specifier: ^2.0.4
        version: 2.1.2
      typescript:
        specifier: ~6.0.3
        version: 6.0.3

packages:

  '@angular/common@22.0.5':
    resolution: {integrity: sha512-8HUuQms6bVjjRBF9FScYzepjhesrsPAjJh8UcHaw9YdGwMSn2eUiLZj9V1PnPV9BVu0beBcnAhX50ceeldbcTg==}
    engines: {node: ^22.22.3 || ^24.15.0 || >=26.0.0}
    peerDependencies:
      '@angular/core': 22.0.5
      rxjs: ^6.5.3 || ^7.4.0

  '@angular/compiler-cli@22.0.5':
    resolution: {integrity: sha512-DR9kahfd5P/xrXbX8HJu8jBkkUZNqCZuMCod4lyo4a9MTOSKs2ltNU9VEDT7Qw++hDYowr37/lLfIzrvDEFPEQ==}
    engines: {node: ^22.22.3 || ^24.15.0 || >=26.0.0}
    hasBin: true
    peerDependencies:
      '@angular/compiler': 22.0.5
      typescript: '>=6.0 <6.1'
    peerDependenciesMeta:
      typescript:
        optional: true

  '@angular/compiler@22.0.5':
    resolution: {integrity: sha512-yGhbEBh2WU1kCubjBD+Eo5bwvZPR+zacDhyPao/PgopH0PiVETd4Iv1gK0ZAvg7XdImgzZfipJXKqTK4JbOFiQ==}
    engines: {node: ^22.22.3 || ^24.15.0 || >=26.0.0}

  '@angular/core@22.0.5':
    resolution: {integrity: sha512-8cc6CLC1u7kNHpUZA15tak0WPHAZTF16DPslXxDdWbw/WIlDGPsNdTW8Nsaeb/G45mLvBcMwcZpOC70R6iRzmA==}
    engines: {node: ^22.22.3 || ^24.15.0 || >=26.0.0}
    peerDependencies:
      '@angular/compiler': 22.0.5
      rxjs: ^6.5.3 || ^7.4.0
      zone.js: ~0.15.0 || ~0.16.0
    peerDependenciesMeta:
      '@angular/compiler':
        optional: true
      zone.js:
        optional: true

  '@angular/localize@22.0.5':
    resolution: {integrity: sha512-jpJqSCdAt1TPg8Zea+tkmqdfZF+qJhlGlQylYCrT56NLBUf0qqAl32KjxlBjZvFrUm7AqNkHN7L+E/YMcXmwzw==}
    engines: {node: ^22.22.3 || ^24.15.0 || >=26.0.0}
    hasBin: true
    peerDependencies:
      '@angular/compiler': 22.0.5
      '@angular/compiler-cli': 22.0.5

  '@angular/platform-browser@22.0.5':
    resolution: {integrity: sha512-Jm0YQ0NsJl3vhzziO+BEmtW5AYIyI+jVGNJHs4nFKLqSPG7DWkBfx4EykHBN5pAR4NLwwaJyFgbgNE/epZJDZQ==}
    engines: {node: ^22.22.3 || ^24.15.0 || >=26.0.0}
    peerDependencies:
      '@angular/animations': 22.0.5
      '@angular/common': 22.0.5
      '@angular/core': 22.0.5
    peerDependenciesMeta:
      '@angular/animations':
        optional: true

  '@angular/router@22.0.5':
    resolution: {integrity: sha512-1S5PCHicRQkQX4z/zjBu9VHMSoT9kOkWI0kuXuswiZtcFhK7kZbVvzrP/dBjc2YUg3AlsxS8iZY6fKFzj3/nBA==}
    engines: {node: ^22.22.3 || ^24.15.0 || >=26.0.0}
    peerDependencies:
      '@angular/common': 22.0.5
      '@angular/core': 22.0.5
      '@angular/platform-browser': 22.0.5
      rxjs: ^6.5.3 || ^7.4.0

  '@babel/code-frame@7.29.7':
    resolution: {integrity: sha512-Aup7aUOfpbAUg2ROOJN6Iw5f9DMBlzu0mIkm/malLQFN/YQgO48wCj0Kxa3sEHJvPVFg7siR+qRInwXd2qhQKw==}
    engines: {node: '>=6.9.0'}

  '@babel/compat-data@7.29.7':
    resolution: {integrity: sha512-locTkQyKvwIEgBzVrn8693ebc97F2U8ZHjbXwDXJ5Fn2TCpNwTlKcaKLkdHop5c/icOFE7qt7Q9JC5hnKNa6Gg==}
    engines: {node: '>=6.9.0'}

  '@babel/core@7.29.7':
    resolution: {integrity: sha512-RgHBCvtjbOK2gXSNBNIkNoEc9qoVEtau3hj8gEqKQuL3HZAibKarWFEI3Lfm6EYKkLalOh8eSrj9b+ch9H/VBA==}
    engines: {node: '>=6.9.0'}

  '@babel/generator@7.29.7':
    resolution: {integrity: sha512-DkXD5OJQaAQIdZ1bt3UZdEnHAn9Imd3IVBdX03UFe+ony9Ojw5pzr9YVKGDY1jt+Gcn/FnGkNf8r+Vj5NOJWtQ==}
    engines: {node: '>=6.9.0'}

  '@babel/helper-compilation-targets@7.29.7':
    resolution: {integrity: sha512-wem6WaBj4NaVYVdNhLPPVacES6ZJ+KBBfSkTMD3YZxbP3rm3Di85tJU5ljaUNhaOynt+Aj0xruhYuzQBt8n71g==}
    engines: {node: '>=6.9.0'}

  '@babel/helper-globals@7.29.7':
    resolution: {integrity: sha512-3nQVUAtvkKH9zahfWgw96Jc/uFOmjACE1kQz82E2lqWmHBgjzbNlsC22nuQTfahmWeQtTq5nQ/4Nnd2A1wj4zA==}
    engines: {node: '>=6.9.0'}

  '@babel/helper-module-imports@7.29.7':
    resolution: {integrity: sha512-ejHwrQQYcm9xnTivShn2IDOlIzInN34AXskvq9QicvCtEzq1Vzclu/tKF8Jq1Cg8JG2GL6/EmjgsCT7lXepE3g==}
    engines: {node: '>=6.9.0'}

  '@babel/helper-module-transforms@7.29.7':
    resolution: {integrity: sha512-UPUVSyXbOh627KiCIGQSgwWzGeBKLkaJ9PJEdrngIwMSzxLR4jS4+f1f1jb7VzBbg8nFLaYotvVPFCTqdrmTAg==}
    engines: {node: '>=6.9.0'}
    peerDependencies:
      '@babel/core': ^7.0.0

  '@babel/helper-string-parser@7.29.7':
    resolution: {integrity: sha512-Pb5ijPrZ89GDH8223L4UP8i6QApWxs04RbPQJTeWDV0/keR2E36MeKnyr6LYmUUvqRRI+Iv87SuF1W6ErINzYw==}
    engines: {node: '>=6.9.0'}

  '@babel/helper-validator-identifier@7.29.7':
    resolution: {integrity: sha512-qehxGkRj55h/ff8EMaJ+cYhyaKlHIxqYDn682wQD7RNp9UujOQsHog2uS0r2vzr4pW+sXf90NeeayjcNaX3fFg==}
    engines: {node: '>=6.9.0'}

  '@babel/helper-validator-option@7.29.7':
    resolution: {integrity: sha512-N9ZErrD+yW5geCDtBqnOoxmR8+tNKiGuxKlDpuJxfsqpa2dFcexaziGAE/qoHLiDDreVNMupxGmSoNlyvsA3gw==}
    engines: {node: '>=6.9.0'}

  '@babel/helpers@7.29.7':
    resolution: {integrity: sha512-1k2lAGRMfHTcwuNYcCNUmaUffmQv8KWMfh2iJUUeRlwlwH4FdNG7mfPI10NPfLHJFThE4Tyr4mv7kTNZOiPuBg==}
    engines: {node: '>=6.9.0'}

  '@babel/parser@7.29.7':
    resolution: {integrity: sha512-hnORnjP/1P/zFEndoeX+n+t1RwWRJiJpM/jO7FW32Kn9r5+sJB2JWOdYo4L6k78j15eCwY3Gm/7364B1EMwtNg==}
    engines: {node: '>=6.0.0'}
    hasBin: true

  '@babel/template@7.29.7':
    resolution: {integrity: sha512-puq+Gf35oI24FeN11LkoUQFqv9uwNeWpxXZi/Ji3rRIoKAzKnxRaZ+Gkj0vKS9ZCiTESfng1N9LyOyXvo+m+Gg==}
    engines: {node: '>=6.9.0'}

  '@babel/traverse@7.29.7':
    resolution: {integrity: sha512-EhlfNQtZ+NK22w5BM61ciuiq1m58ed33Wr1Xan//ZRTy6hgjnwyCffRYwzsGXdASJSUJ1guZILsErh1eQcl+zw==}
    engines: {node: '>=6.9.0'}

  '@babel/types@7.29.7':
    resolution: {integrity: sha512-4zBIxpPzowiZpusoFkyGVwakdRJUyuH5PxQ/PrqghfdFWWasvnCdPfQXHrenDai+gyLARulZjZowCOj6fjT4pA==}
    engines: {node: '>=6.9.0'}

  '@emnapi/core@1.11.1':
    resolution: {integrity: sha512-RSvbQmHzdKzNsLYa/wHrbc3KN4sYLKAdPZxqiM2HATqv/SBk2/ENSHpvXGaLOMcsAyz0poEGqkmmKYG3OWiJEQ==}

  '@emnapi/runtime@1.11.1':
    resolution: {integrity: sha512-vgj7R3y3Wgx24IQaGPA/R6YFXLHVMOZ0uVEyIQPaWs+rd1AzfEMXlAC22FYwO1XkKR6NPsq7mUandH8oIRdZFw==}

  '@emnapi/wasi-threads@1.2.2':
    resolution: {integrity: sha512-c95qOXkHdydNKhscBTebqEC1CVAZpyqOfVfBzQ1qgzyl3gfeldUjIggDbIZgDKsHLgnsM+igH7TJ/eAasaVuMA==}

  '@jridgewell/gen-mapping@0.3.13':
    resolution: {integrity: sha512-2kkt/7niJ6MgEPxF0bYdQ6etZaA+fQvDcLKckhy1yIQOzaoKjBBjSj63/aLVjYE3qhRt5dvM+uUyfCg6UKCBbA==}

  '@jridgewell/remapping@2.3.5':
    resolution: {integrity: sha512-LI9u/+laYG4Ds1TDKSJW2YPrIlcVYOwi2fUC6xB43lueCjgxV4lffOCZCtYFiH6TNOX+tQKXx97T4IKHbhyHEQ==}

  '@jridgewell/resolve-uri@3.1.2':
    resolution: {integrity: sha512-bRISgCIjP20/tbWSPWMEi54QVPRZExkuD9lJL+UIxUKtwVJA8wW1Trb1jMs1RFXo1CBTNZ/5hpC9QvmKWdopKw==}
    engines: {node: '>=6.0.0'}

  '@jridgewell/sourcemap-codec@1.5.5':
    resolution: {integrity: sha512-cYQ9310grqxueWbl+WuIUIaiUaDcj7WOq5fVhEljNVgRfOUhY9fy2zTvfoqWsnebh8Sl70VScFbICvJnLKB0Og==}

  '@jridgewell/trace-mapping@0.3.31':
    resolution: {integrity: sha512-zzNR+SdQSDJzc8joaeP8QQoCQr8NuYx2dIIytl1QeBEZHJ9uW6hebsrYgbz8hJwUQao3TWCMtmfV8Nu1twOLAw==}

  '@napi-rs/wasm-runtime@1.1.6':
    resolution: {integrity: sha512-ZLv/JdUfkvOy9eCnnBaGfiO+XimbjebAeO+MRQqD/B+FR1tnRN0tpKSJHRbE8sFfS6aqsXZ67TQjfwfsxULVbg==}
    peerDependencies:
      '@emnapi/core': ^1.7.1
      '@emnapi/runtime': ^1.7.1

  '@rspack/binding-darwin-arm64@2.1.2':
    resolution: {integrity: sha512-IYcxareUOYJZz+uNMSIwn+iDRiVyjZNOjoxO/zL4OFaPK8Ncrw0ka/9DqL9Gd7OpnAXN1zK3uS8yD0O1yIYI3Q==}
    cpu: [arm64]
    os: [darwin]

  '@rspack/binding-darwin-x64@2.1.2':
    resolution: {integrity: sha512-aoifkILvx/XEHyvg8yW57xu95nx7f9f/3ah1+RguHSNKcJMcoCep9VX1Ct1N0ftqg8MC0JUObc7xWL5W14hmjA==}
    cpu: [x64]
    os: [darwin]

  '@rspack/binding-linux-arm64-gnu@2.1.2':
    resolution: {integrity: sha512-My4m40tyJSgiCEf3bB2KIEX710q3nZg99LIjy+8Zxgi3oZTkg1bFmFRusFU5U4eN5408zfSqDDGvjDE3Yv7o4w==}
    cpu: [arm64]
    os: [linux]
    libc: [glibc]

  '@rspack/binding-linux-arm64-musl@2.1.2':
    resolution: {integrity: sha512-yt+GGWUH7WPE8K97cRc8OpZhH7Pbj1vU+lkvKbDtF/rR8X9a/bJsA/nBqyUV2oBKOVbrp5I8rFZlnDskMqgvKw==}
    cpu: [arm64]
    os: [linux]
    libc: [musl]

  '@rspack/binding-linux-riscv64-gnu@2.1.2':
    resolution: {integrity: sha512-uys8Jyw8Z3ralvICbN/L/nZfy5qELIwpOY72rhIqhoDYwFcL4fmMaY7WsvUcJOjCB2rqOcWPaWKuF2oPvo9iDQ==}
    cpu: [riscv64]
    os: [linux]
    libc: [glibc]

  '@rspack/binding-linux-riscv64-musl@2.1.2':
    resolution: {integrity: sha512-JYNVQwqCaRGQWvjHQYzZkIzQiwllMaJwh4Rdu3ww6W2OJcJUqT08sL1pkOtU0iCxT4VUYiRRcp93VGTGpHr8fg==}
    cpu: [riscv64]
    os: [linux]
    libc: [musl]

  '@rspack/binding-linux-x64-gnu@2.1.2':
    resolution: {integrity: sha512-KDoPy0Msf/JLhxgPPrJQzZeB4Qpqd32em8AP5lSW2s6jR5I35dHgAe9xc2A++EQtnSrU4GTn6DBvFC7q84SihQ==}
    cpu: [x64]
    os: [linux]
    libc: [glibc]

  '@rspack/binding-linux-x64-musl@2.1.2':
    resolution: {integrity: sha512-66hWmIGvn4zCKAYXJE9Bp5SNSLYnLFq2Ke/efE+ZtWy43Dd5vk9AAOmThVGBwdwmIxmGtHGCp+cAuS4G0wu0TA==}
    cpu: [x64]
    os: [linux]
    libc: [musl]

  '@rspack/binding-wasm32-wasi@2.1.2':
    resolution: {integrity: sha512-EB4SqH8DW/E/OmqssNQvnIVGQiVUyYNlA/pcc6Ia4MlTNwu6eNDppcNLrToH+kSZpL4CpHSFfSM3eIsSuar2Rw==}
    cpu: [wasm32]

  '@rspack/binding-win32-arm64-msvc@2.1.2':
    resolution: {integrity: sha512-T6Fs/g32MRja/UpCq4AdyPRj8tA0cOkcEa4PrAcn/ztUgK8b/qMVxj5mhMI+n7k+kHZQnpeB1Q4HqdSJi6OocA==}
    cpu: [arm64]
    os: [win32]

  '@rspack/binding-win32-ia32-msvc@2.1.2':
    resolution: {integrity: sha512-OtxkFVz14mVL4QK8QriSELn9B6PaYGHw1jGJwVDEzpu2ZxSHCTQPz9dVE1ekYtREEqZUkRU7Fp7VfhJSmjTt2Q==}
    cpu: [ia32]
    os: [win32]

  '@rspack/binding-win32-x64-msvc@2.1.2':
    resolution: {integrity: sha512-Am+nx9fLF3nzgD/K05Bs1Bb+WO8SFLWAYRbXkymaL1r+RQxjRj7jd5ap2PhGOCcfaNA4yVWkAFvmFP92eRu7bQ==}
    cpu: [x64]
    os: [win32]

  '@rspack/binding@2.1.2':
    resolution: {integrity: sha512-/mFcRSUW7Pl19KeaBIujJvZYNJQu0wD5D3aa5h+Qcph26v7nmLYlX7eajIHGi8tt2qTZX1lXifw2KLIXKwYaRQ==}

  '@rspack/cli@2.1.2':
    resolution: {integrity: sha512-GTBsKuaeqDii6NaGPkQwvycMSjqMUMMRGiAwH0sXsFIn8X7sFa4xpoL7pIhbebVBDGzYhUBqWzNQFuL5u2FeoQ==}
    hasBin: true
    peerDependencies:
      '@rspack/core': ^2.0.0-0
      '@rspack/dev-server': ^2.0.0-0
    peerDependenciesMeta:
      '@rspack/dev-server':
        optional: true

  '@rspack/core@2.1.2':
    resolution: {integrity: sha512-crpNQKhHfnzrIl4Sa4fjH30Ho5aAPgyqpmJZ41SkUFOzyKHdZKYfE5LF3CMh7MiFQFPPxiiKf5BcpxmtZZx4MQ==}
    engines: {node: ^20.19.0 || >=22.12.0}
    peerDependencies:
      '@module-federation/runtime-tools': ^0.24.1 || ^2.0.0
      '@swc/helpers': ^0.5.23
    peerDependenciesMeta:
      '@module-federation/runtime-tools':
        optional: true
      '@swc/helpers':
        optional: true

  '@tybys/wasm-util@0.10.3':
    resolution: {integrity: sha512-F3fo1MYrRJYL3zER0OUOmkutjr1Vp23m7OsSgp7nq4SP6OqX6C/56XFIPAl5bt3zaBRjmW7SGz3u/6LwFpYcOg==}

  '@types/babel__core@7.20.5':
    resolution: {integrity: sha512-qoQprZvz5wQFJwMDqeseRXWv3rqMvhgpbXFfVyWhbx9X47POIA6i/+dXefEmZKoAgOaTdaIgNSMqMIU61yRyzA==}

  '@types/babel__generator@7.27.0':
    resolution: {integrity: sha512-ufFd2Xi92OAVPYsy+P4n7/U7e68fex0+Ee8gSG9KX7eo084CWiQ4sdxktvdl0bOPupXtVJPY19zk6EwWqUQ8lg==}

  '@types/babel__template@7.4.4':
    resolution: {integrity: sha512-h/NUaSyG5EyxBIp8YRxo4RMe2/qQgvyowRwVMzhYhBCONbW8PUsg4lkFMrhgZhUe5z3L3MiLDuvyJ/CaPa2A8A==}

  '@types/babel__traverse@7.28.0':
    resolution: {integrity: sha512-8PvcXf70gTDZBgt9ptxJ8elBeBjcLOAcOtoO/mPJjtji1+CdGbHgm77om1GrsPxsiE+uXIpNSK64UYaIwQXd4Q==}

  ansi-regex@6.2.2:
    resolution: {integrity: sha512-Bq3SmSpyFHaWjPk8If9yc6svM8c56dB5BAtW4Qbw5jHTwwXXcTLoRMkpDJp6VL0XzlWaCHTXrkFURMYmD0sLqg==}
    engines: {node: '>=12'}

  ansi-styles@6.2.3:
    resolution: {integrity: sha512-4Dj6M28JB+oAH8kFkTLUo+a2jwOFkuqb3yucU0CANcRRUbxS0cP0nZYCGjcc3BNXwRIsUVmDGgzawme7zvJHvg==}
    engines: {node: '>=12'}

  baseline-browser-mapping@2.10.41:
    resolution: {integrity: sha512-WwS7MHhqGHHlaVsqRZnhvCEMS0owDX+SxRlve7JkuH7My1Ara3ZriTmCQupPfYjxMZ8I/tgxtJYr2t7taHaH4A==}
    engines: {node: '>=6.0.0'}
    hasBin: true

  browserslist@4.28.4:
    resolution: {integrity: sha512-MTc8i/x9jBQd1iMw2CFGS+rwMa07eYjLR0CCTLDACl9xhxy+nIs3KeML/biicXtk9JrZ6dnnTatmc7ErPXIxqw==}
    engines: {node: ^6 || ^7 || ^8 || ^9 || ^10 || ^11 || ^12 || >=13.7}
    hasBin: true

  caniuse-lite@1.0.30001800:
    resolution: {integrity: sha512-MMHtuAz9Ys840zAY5F4k6fV5GaivZ9sPk+nz0mY+GYVzRBnYkN0mpqkSR92oWRQ19yQWo4HvBV/FnC16AJX8MA==}

  chokidar@5.0.0:
    resolution: {integrity: sha512-TQMmc3w+5AxjpL8iIiwebF73dRDF4fBIieAqGn9RGCWaEVwQ6Fb2cGe31Yns0RRIzii5goJ1Y7xbMwo1TxMplw==}
    engines: {node: '>= 20.19.0'}

  cliui@9.0.1:
    resolution: {integrity: sha512-k7ndgKhwoQveBL+/1tqGJYNz097I7WOvwbmmU2AR5+magtbjPWQTS1C5vzGkBC8Ym8UWRzfKUzUUqFLypY4Q+w==}
    engines: {node: '>=20'}

  convert-source-map@1.9.0:
    resolution: {integrity: sha512-ASFBup0Mz1uyiIjANan1jzLQami9z1PoYSZCiiYW2FczPbenXc45FZdBZLzOT+r6+iciuEModtmCti+hjaAk0A==}

  convert-source-map@2.0.0:
    resolution: {integrity: sha512-Kvp459HrV2FEJ1CAsi1Ku+MY3kasH19TFykTz2xWmMeq6bk2NU3XXvfJ+Q61m0xktWwt+1HSYf3JZsTms3aRJg==}

  debug@4.4.3:
    resolution: {integrity: sha512-RGwwWnwQvkVfavKVt22FGLw+xYSdzARwm0ru6DhTVA3umU5hZc28V3kO4stgYryrTlLpuvgI9GiijltAjNbcqA==}
    engines: {node: '>=6.0'}
    peerDependencies:
      supports-color: '*'
    peerDependenciesMeta:
      supports-color:
        optional: true

  electron-to-chromium@1.5.384:
    resolution: {integrity: sha512-g6KAKY1vkYsADvSPWvdJsuYT0ixdcu6lUtD9P/wJKGBEDlZVXh2AX42j1mPqqaQPDluWjara9ziQ7xqAeXCt5A==}

  emoji-regex@10.6.0:
    resolution: {integrity: sha512-toUI84YS5YmxW219erniWD0CIVOo46xGKColeNQRgOzDorgBi1v4D71/OFzgD9GO2UGKIv1C3Sp8DAn0+j5w7A==}

  escalade@3.2.0:
    resolution: {integrity: sha512-WUj2qlxaQtO4g6Pq5c29GTcWGDyd8itL8zTlipgECz3JesAiiOKotd8JU6otB3PACgG6xkJUyVhboMS+bje/jA==}
    engines: {node: '>=6'}

  fdir@6.5.0:
    resolution: {integrity: sha512-tIbYtZbucOs0BRGqPJkshJUYdL+SDH7dVM8gjy+ERp3WAUjLEFJE+02kanyHtwjWOnwrKYBiwAmM0p4kLJAnXg==}
    engines: {node: '>=12.0.0'}
    peerDependencies:
      picomatch: ^3 || ^4
    peerDependenciesMeta:
      picomatch:
        optional: true

  gensync@1.0.0-beta.2:
    resolution: {integrity: sha512-3hN7NaskYvMDLQY55gnW3NQ+mesEAepTqlg+VEbj7zzqEMBVNhzcGYYeqFo/TlYz6eQiFcp1HcsCZO+nGgS8zg==}
    engines: {node: '>=6.9.0'}

  get-caller-file@2.0.5:
    resolution: {integrity: sha512-DyFP3BM/3YHTQOCUL/w0OZHR0lpKeGrxotcHWcqNEdnltqFwXVfhEBQ94eIo34AfQpo0rGki4cyIiftY06h2Fg==}
    engines: {node: 6.* || 8.* || >= 10.*}

  get-east-asian-width@1.6.0:
    resolution: {integrity: sha512-QRbvDIbx6YklUe6RxeTeleMR0yv3cYH6PsPZHcnVn7xv7zO1BHN8r0XETu8n6Ye3Q+ahtSarc3WgtNWmehIBfA==}
    engines: {node: '>=18'}

  js-tokens@4.0.0:
    resolution: {integrity: sha512-RdJUflcE3cUzKiMqQgsCu06FPu9UdIJO0beYbPhHN4k6apgJtifcoCtT9bcxOpYBtpD2kCM6Sbzg4CausW/PKQ==}

  jsesc@3.1.0:
    resolution: {integrity: sha512-/sM3dO2FOzXjKQhJuo0Q173wf2KOo8t4I8vHy6lF9poUp7bKT0/NHE8fPX23PwfhnykfqnC2xRxOnVw5XuGIaA==}
    engines: {node: '>=6'}
    hasBin: true

  json5@2.2.3:
    resolution: {integrity: sha512-XmOWe7eyHYH14cLdVPoyg+GOH3rYX++KpzrylJwSW98t3Nk+U8XOl8FWKOgwtzdb8lXGf6zYwDUzeHMWfxasyg==}
    engines: {node: '>=6'}
    hasBin: true

  lru-cache@5.1.1:
    resolution: {integrity: sha512-KpNARQA3Iwv+jTA0utUVVbrh+Jlrr1Fv0e56GGzAFOXN7dk/FviaDW8LHmK52DlcH4WP2n6gI8vN1aesBFgo9w==}

  ms@2.1.3:
    resolution: {integrity: sha512-6FlzubTLZG3J2a/NVCAleEhjzq5oxgHyaCU9yYXvcLsvoVaHJq/s5xXI6/XXP6tz7R9xAOtHnSO/tXtF3WRTlA==}

  node-releases@2.0.50:
    resolution: {integrity: sha512-J6l92tKHX6w8Jy5nO1Vuc01NoIiRGi/d6qBKVxh+IQ8Cr3b6HbVNfKiF8ZpFKufTwpwxMmce2W3iQZ861ZRyTg==}
    engines: {node: '>=18'}

  picocolors@1.1.1:
    resolution: {integrity: sha512-xceH2snhtb5M9liqDsmEw56le376mTZkEX/jEb/RxNFyegNul7eNslCXP9FDj/Lcu0X8KEyMceP2ntpaHrDEVA==}

  picomatch@4.0.5:
    resolution: {integrity: sha512-RvwwcruNjI1ncT5xRakeyS9Lf8lcItv34KD+aif+VH9kduAyfYBipGh12274xtenIPZ119/R9BdTBa8gAwSh0A==}
    engines: {node: '>=12'}

  readdirp@5.0.0:
    resolution: {integrity: sha512-9u/XQ1pvrQtYyMpZe7DXKv2p5CNvyVwzUB6uhLAnQwHMSgKMBR62lc7AHljaeteeHXn11XTAaLLUVZYVZyuRBQ==}
    engines: {node: '>= 20.19.0'}

  reflect-metadata@0.2.2:
    resolution: {integrity: sha512-urBwgfrvVP/eAyXx4hluJivBKzuEbSQs9rKWCrCkbSxNv8mxPcUZKeuoF3Uy4mJl3Lwprp6yy5/39VWigZ4K6Q==}

  rxjs@7.8.2:
    resolution: {integrity: sha512-dhKf903U/PQZY6boNNtAGdWbG85WAbjT/1xYoZIC7FAY0yWapOBQVsVrDl58W86//e1VpMNBtRV4MaXfdMySFA==}

  semver@6.3.1:
    resolution: {integrity: sha512-BR7VvDCVHO+q2xBEWskxS6DJE1qRnb7DxzUrogb71CWoSficBxYsiAGd+Kl0mmq/MprG9yArRkyrQxTO6XjMzA==}
    hasBin: true

  semver@7.8.5:
    resolution: {integrity: sha512-Y7/KDsb8LjooZpwaqGyulO6DQlksgCncchHGk+sZIY4SBvUocMBEFH5Ur1fI4dV+Jvl0w6cjvucaIi40puRioA==}
    engines: {node: '>=10'}
    hasBin: true

  string-width@7.2.0:
    resolution: {integrity: sha512-tsaTIkKW9b4N+AEj+SVA+WhJzV7/zMhcSu78mLKWSk7cXMOSHsBKFWUs0fWwq8QyK3MgJBQRX6Gbi4kYbdvGkQ==}
    engines: {node: '>=18'}

  strip-ansi@7.2.0:
    resolution: {integrity: sha512-yDPMNjp4WyfYBkHnjIRLfca1i6KMyGCtsVgoKe/z1+6vukgaENdgGBZt+ZmKPc4gavvEZ5OgHfHdrazhgNyG7w==}
    engines: {node: '>=12'}

  tinyglobby@0.2.17:
    resolution: {integrity: sha512-wXR/dYpcqKmfWpEdZjiKJOwCNFndD0DMnrW/cYjVGttEkBfVgcLFHoNrlj47mjOVic9yyNu65alsgF4NQyTa2g==}
    engines: {node: '>=12.0.0'}

  tslib@2.8.1:
    resolution: {integrity: sha512-oJFu94HQb+KVduSUQL7wnpmqnfmLsOA/nAh6b6EH0wCEoK0/mPeXU6c3wKDV83MkOuHPRHtSXKKU99IBazS/2w==}

  typescript@6.0.3:
    resolution: {integrity: sha512-y2TvuxSZPDyQakkFRPZHKFm+KKVqIisdg9/CZwm9ftvKXLP8NRWj38/ODjNbr43SsoXqNuAisEf1GdCxqWcdBw==}
    engines: {node: '>=14.17'}
    hasBin: true

  update-browserslist-db@1.2.3:
    resolution: {integrity: sha512-Js0m9cx+qOgDxo0eMiFGEueWztz+d4+M3rGlmKPT+T4IS/jP4ylw3Nwpu6cpTTP8R1MAC1kF4VbdLt3ARf209w==}
    hasBin: true
    peerDependencies:
      browserslist: '>= 4.21.0'

  wrap-ansi@9.0.2:
    resolution: {integrity: sha512-42AtmgqjV+X1VpdOfyTGOYRi0/zsoLqtXQckTmqTeybT+BDIbM/Guxo7x3pE2vtpr1ok6xRqM9OpBe+Jyoqyww==}
    engines: {node: '>=18'}

  y18n@5.0.8:
    resolution: {integrity: sha512-0pfFzegeDWJHJIAmTLRP2DwHjdF5s7jo9tuztdQxAhINCdvS+3nGINqPd00AphqJR/0LhANUS6/+7SCb98YOfA==}
    engines: {node: '>=10'}

  yallist@3.1.1:
    resolution: {integrity: sha512-a4UGQaWPH59mOXUYnAG2ewncQS4i4F43Tv3JoAM+s2VDAmS9NsK8GpDMLrCHPksFT7h3K6TOoUNn2pb7RoXx4g==}

  yargs-parser@22.0.0:
    resolution: {integrity: sha512-rwu/ClNdSMpkSrUb+d6BRsSkLUq1fmfsY6TOpYzTwvwkg1/NRG85KBy3kq++A8LKQwX6lsu+aWad+2khvuXrqw==}
    engines: {node: ^20.19.0 || ^22.12.0 || >=23}

  yargs@18.0.0:
    resolution: {integrity: sha512-4UEqdc2RYGHZc7Doyqkrqiln3p9X2DZVxaGbwhn2pi7MrRagKaOcIKe8L3OxYcbhXLgLFUS3zAYuQjKBQgmuNg==}
    engines: {node: ^20.19.0 || ^22.12.0 || >=23}

snapshots:

  '@angular/common@22.0.5(@angular/core@22.0.5(@angular/compiler@22.0.5)(rxjs@7.8.2))(rxjs@7.8.2)':
    dependencies:
      '@angular/core': 22.0.5(@angular/compiler@22.0.5)(rxjs@7.8.2)
      rxjs: 7.8.2
      tslib: 2.8.1

  '@angular/compiler-cli@22.0.5(@angular/compiler@22.0.5)(typescript@6.0.3)':
    dependencies:
      '@angular/compiler': 22.0.5
      '@babel/core': 7.29.7
      '@jridgewell/sourcemap-codec': 1.5.5
      chokidar: 5.0.0
      convert-source-map: 1.9.0
      reflect-metadata: 0.2.2
      semver: 7.8.5
      tslib: 2.8.1
      yargs: 18.0.0
    optionalDependencies:
      typescript: 6.0.3
    transitivePeerDependencies:
      - supports-color

  '@angular/compiler@22.0.5':
    dependencies:
      tslib: 2.8.1

  '@angular/core@22.0.5(@angular/compiler@22.0.5)(rxjs@7.8.2)':
    dependencies:
      rxjs: 7.8.2
      tslib: 2.8.1
    optionalDependencies:
      '@angular/compiler': 22.0.5

  '@angular/localize@22.0.5(@angular/compiler-cli@22.0.5(@angular/compiler@22.0.5)(typescript@6.0.3))(@angular/compiler@22.0.5)':
    dependencies:
      '@angular/compiler': 22.0.5
      '@angular/compiler-cli': 22.0.5(@angular/compiler@22.0.5)(typescript@6.0.3)
      '@babel/core': 7.29.7
      '@types/babel__core': 7.20.5
      tinyglobby: 0.2.17
      yargs: 18.0.0
    transitivePeerDependencies:
      - supports-color

  '@angular/platform-browser@22.0.5(@angular/common@22.0.5(@angular/core@22.0.5(@angular/compiler@22.0.5)(rxjs@7.8.2))(rxjs@7.8.2))(@angular/core@22.0.5(@angular/compiler@22.0.5)(rxjs@7.8.2))':
    dependencies:
      '@angular/common': 22.0.5(@angular/core@22.0.5(@angular/compiler@22.0.5)(rxjs@7.8.2))(rxjs@7.8.2)
      '@angular/core': 22.0.5(@angular/compiler@22.0.5)(rxjs@7.8.2)
      tslib: 2.8.1

  '@angular/router@22.0.5(@angular/common@22.0.5(@angular/core@22.0.5(@angular/compiler@22.0.5)(rxjs@7.8.2))(rxjs@7.8.2))(@angular/core@22.0.5(@angular/compiler@22.0.5)(rxjs@7.8.2))(@angular/platform-browser@22.0.5(@angular/common@22.0.5(@angular/core@22.0.5(@angular/compiler@22.0.5)(rxjs@7.8.2))(rxjs@7.8.2))(@angular/core@22.0.5(@angular/compiler@22.0.5)(rxjs@7.8.2)))(rxjs@7.8.2)':
    dependencies:
      '@angular/common': 22.0.5(@angular/core@22.0.5(@angular/compiler@22.0.5)(rxjs@7.8.2))(rxjs@7.8.2)
      '@angular/core': 22.0.5(@angular/compiler@22.0.5)(rxjs@7.8.2)
      '@angular/platform-browser': 22.0.5(@angular/common@22.0.5(@angular/core@22.0.5(@angular/compiler@22.0.5)(rxjs@7.8.2))(rxjs@7.8.2))(@angular/core@22.0.5(@angular/compiler@22.0.5)(rxjs@7.8.2))
      rxjs: 7.8.2
      tslib: 2.8.1

  '@babel/code-frame@7.29.7':
    dependencies:
      '@babel/helper-validator-identifier': 7.29.7
      js-tokens: 4.0.0
      picocolors: 1.1.1

  '@babel/compat-data@7.29.7': {}

  '@babel/core@7.29.7':
    dependencies:
      '@babel/code-frame': 7.29.7
      '@babel/generator': 7.29.7
      '@babel/helper-compilation-targets': 7.29.7
      '@babel/helper-module-transforms': 7.29.7(@babel/core@7.29.7)
      '@babel/helpers': 7.29.7
      '@babel/parser': 7.29.7
      '@babel/template': 7.29.7
      '@babel/traverse': 7.29.7
      '@babel/types': 7.29.7
      '@jridgewell/remapping': 2.3.5
      convert-source-map: 2.0.0
      debug: 4.4.3
      gensync: 1.0.0-beta.2
      json5: 2.2.3
      semver: 6.3.1
    transitivePeerDependencies:
      - supports-color

  '@babel/generator@7.29.7':
    dependencies:
      '@babel/parser': 7.29.7
      '@babel/types': 7.29.7
      '@jridgewell/gen-mapping': 0.3.13
      '@jridgewell/trace-mapping': 0.3.31
      jsesc: 3.1.0

  '@babel/helper-compilation-targets@7.29.7':
    dependencies:
      '@babel/compat-data': 7.29.7
      '@babel/helper-validator-option': 7.29.7
      browserslist: 4.28.4
      lru-cache: 5.1.1
      semver: 6.3.1

  '@babel/helper-globals@7.29.7': {}

  '@babel/helper-module-imports@7.29.7':
    dependencies:
      '@babel/traverse': 7.29.7
      '@babel/types': 7.29.7
    transitivePeerDependencies:
      - supports-color

  '@babel/helper-module-transforms@7.29.7(@babel/core@7.29.7)':
    dependencies:
      '@babel/core': 7.29.7
      '@babel/helper-module-imports': 7.29.7
      '@babel/helper-validator-identifier': 7.29.7
      '@babel/traverse': 7.29.7
    transitivePeerDependencies:
      - supports-color

  '@babel/helper-string-parser@7.29.7': {}

  '@babel/helper-validator-identifier@7.29.7': {}

  '@babel/helper-validator-option@7.29.7': {}

  '@babel/helpers@7.29.7':
    dependencies:
      '@babel/template': 7.29.7
      '@babel/types': 7.29.7

  '@babel/parser@7.29.7':
    dependencies:
      '@babel/types': 7.29.7

  '@babel/template@7.29.7':
    dependencies:
      '@babel/code-frame': 7.29.7
      '@babel/parser': 7.29.7
      '@babel/types': 7.29.7

  '@babel/traverse@7.29.7':
    dependencies:
      '@babel/code-frame': 7.29.7
      '@babel/generator': 7.29.7
      '@babel/helper-globals': 7.29.7
      '@babel/parser': 7.29.7
      '@babel/template': 7.29.7
      '@babel/types': 7.29.7
      debug: 4.4.3
    transitivePeerDependencies:
      - supports-color

  '@babel/types@7.29.7':
    dependencies:
      '@babel/helper-string-parser': 7.29.7
      '@babel/helper-validator-identifier': 7.29.7

  '@emnapi/core@1.11.1':
    dependencies:
      '@emnapi/wasi-threads': 1.2.2
      tslib: 2.8.1
    optional: true

  '@emnapi/runtime@1.11.1':
    dependencies:
      tslib: 2.8.1
    optional: true

  '@emnapi/wasi-threads@1.2.2':
    dependencies:
      tslib: 2.8.1
    optional: true

  '@jridgewell/gen-mapping@0.3.13':
    dependencies:
      '@jridgewell/sourcemap-codec': 1.5.5
      '@jridgewell/trace-mapping': 0.3.31

  '@jridgewell/remapping@2.3.5':
    dependencies:
      '@jridgewell/gen-mapping': 0.3.13
      '@jridgewell/trace-mapping': 0.3.31

  '@jridgewell/resolve-uri@3.1.2': {}

  '@jridgewell/sourcemap-codec@1.5.5': {}

  '@jridgewell/trace-mapping@0.3.31':
    dependencies:
      '@jridgewell/resolve-uri': 3.1.2
      '@jridgewell/sourcemap-codec': 1.5.5

  '@napi-rs/wasm-runtime@1.1.6(@emnapi/core@1.11.1)(@emnapi/runtime@1.11.1)':
    dependencies:
      '@emnapi/core': 1.11.1
      '@emnapi/runtime': 1.11.1
      '@tybys/wasm-util': 0.10.3
    optional: true

  '@rspack/binding-darwin-arm64@2.1.2':
    optional: true

  '@rspack/binding-darwin-x64@2.1.2':
    optional: true

  '@rspack/binding-linux-arm64-gnu@2.1.2':
    optional: true

  '@rspack/binding-linux-arm64-musl@2.1.2':
    optional: true

  '@rspack/binding-linux-riscv64-gnu@2.1.2':
    optional: true

  '@rspack/binding-linux-riscv64-musl@2.1.2':
    optional: true

  '@rspack/binding-linux-x64-gnu@2.1.2':
    optional: true

  '@rspack/binding-linux-x64-musl@2.1.2':
    optional: true

  '@rspack/binding-wasm32-wasi@2.1.2':
    dependencies:
      '@emnapi/core': 1.11.1
      '@emnapi/runtime': 1.11.1
      '@napi-rs/wasm-runtime': 1.1.6(@emnapi/core@1.11.1)(@emnapi/runtime@1.11.1)
    optional: true

  '@rspack/binding-win32-arm64-msvc@2.1.2':
    optional: true

  '@rspack/binding-win32-ia32-msvc@2.1.2':
    optional: true

  '@rspack/binding-win32-x64-msvc@2.1.2':
    optional: true

  '@rspack/binding@2.1.2':
    optionalDependencies:
      '@rspack/binding-darwin-arm64': 2.1.2
      '@rspack/binding-darwin-x64': 2.1.2
      '@rspack/binding-linux-arm64-gnu': 2.1.2
      '@rspack/binding-linux-arm64-musl': 2.1.2
      '@rspack/binding-linux-riscv64-gnu': 2.1.2
      '@rspack/binding-linux-riscv64-musl': 2.1.2
      '@rspack/binding-linux-x64-gnu': 2.1.2
      '@rspack/binding-linux-x64-musl': 2.1.2
      '@rspack/binding-wasm32-wasi': 2.1.2
      '@rspack/binding-win32-arm64-msvc': 2.1.2
      '@rspack/binding-win32-ia32-msvc': 2.1.2
      '@rspack/binding-win32-x64-msvc': 2.1.2

  '@rspack/cli@2.1.2(@rspack/core@2.1.2)':
    dependencies:
      '@rspack/core': 2.1.2

  '@rspack/core@2.1.2':
    dependencies:
      '@rspack/binding': 2.1.2

  '@tybys/wasm-util@0.10.3':
    dependencies:
      tslib: 2.8.1
    optional: true

  '@types/babel__core@7.20.5':
    dependencies:
      '@babel/parser': 7.29.7
      '@babel/types': 7.29.7
      '@types/babel__generator': 7.27.0
      '@types/babel__template': 7.4.4
      '@types/babel__traverse': 7.28.0

  '@types/babel__generator@7.27.0':
    dependencies:
      '@babel/types': 7.29.7

  '@types/babel__template@7.4.4':
    dependencies:
      '@babel/parser': 7.29.7
      '@babel/types': 7.29.7

  '@types/babel__traverse@7.28.0':
    dependencies:
      '@babel/types': 7.29.7

  ansi-regex@6.2.2: {}

  ansi-styles@6.2.3: {}

  baseline-browser-mapping@2.10.41: {}

  browserslist@4.28.4:
    dependencies:
      baseline-browser-mapping: 2.10.41
      caniuse-lite: 1.0.30001800
      electron-to-chromium: 1.5.384
      node-releases: 2.0.50
      update-browserslist-db: 1.2.3(browserslist@4.28.4)

  caniuse-lite@1.0.30001800: {}

  chokidar@5.0.0:
    dependencies:
      readdirp: 5.0.0

  cliui@9.0.1:
    dependencies:
      string-width: 7.2.0
      strip-ansi: 7.2.0
      wrap-ansi: 9.0.2

  convert-source-map@1.9.0: {}

  convert-source-map@2.0.0: {}

  debug@4.4.3:
    dependencies:
      ms: 2.1.3

  electron-to-chromium@1.5.384: {}

  emoji-regex@10.6.0: {}

  escalade@3.2.0: {}

  fdir@6.5.0(picomatch@4.0.5):
    optionalDependencies:
      picomatch: 4.0.5

  gensync@1.0.0-beta.2: {}

  get-caller-file@2.0.5: {}

  get-east-asian-width@1.6.0: {}

  js-tokens@4.0.0: {}

  jsesc@3.1.0: {}

  json5@2.2.3: {}

  lru-cache@5.1.1:
    dependencies:
      yallist: 3.1.1

  ms@2.1.3: {}

  node-releases@2.0.50: {}

  picocolors@1.1.1: {}

  picomatch@4.0.5: {}

  readdirp@5.0.0: {}

  reflect-metadata@0.2.2: {}

  rxjs@7.8.2:
    dependencies:
      tslib: 2.8.1

  semver@6.3.1: {}

  semver@7.8.5: {}

  string-width@7.2.0:
    dependencies:
      emoji-regex: 10.6.0
      get-east-asian-width: 1.6.0
      strip-ansi: 7.2.0

  strip-ansi@7.2.0:
    dependencies:
      ansi-regex: 6.2.2

  tinyglobby@0.2.17:
    dependencies:
      fdir: 6.5.0(picomatch@4.0.5)
      picomatch: 4.0.5

  tslib@2.8.1: {}

  typescript@6.0.3: {}

  update-browserslist-db@1.2.3(browserslist@4.28.4):
    dependencies:
      browserslist: 4.28.4
      escalade: 3.2.0
      picocolors: 1.1.1

  wrap-ansi@9.0.2:
    dependencies:
      ansi-styles: 6.2.3
      string-width: 7.2.0
      strip-ansi: 7.2.0

  y18n@5.0.8: {}

  yallist@3.1.1: {}

  yargs-parser@22.0.0: {}

  yargs@18.0.0:
    dependencies:
      cliui: 9.0.1
      escalade: 3.2.0
      get-caller-file: 2.0.5
      string-width: 7.2.0
      y18n: 5.0.8
      yargs-parser: 22.0.0
