{
  "name": "test-npm-overrides-shared-deps",
  "version": "1.0.0",
  "lockfileVersion": 3,
  "requires": true,
  "packages": {
    "": {
      "name": "test-npm-overrides-shared-deps",
      "version": "1.0.0",
      "dependencies": {
        "pkg-a": "^1.0.0",
        "pkg-b": "^2.0.0"
      },
      "overrides": {
        "pkg-a": "1.0.0",
        "pkg-b": "2.0.0"
      }
    },
    "node_modules/pkg-a": {
      "version": "1.0.0",
      "resolved": "https://registry.npmjs.org/pkg-a/-/pkg-a-1.0.0.tgz",
      "integrity": "sha512-AAAAAAAAAAAAAAAAAAAAAAAAAAAAAAAAAAAAAAAAAAA=",
      "license": "MIT",
      "dependencies": {
        "shared-dep": "^1.0.0"
      }
    },
    "node_modules/pkg-b": {
      "version": "2.0.0",
      "resolved": "https://registry.npmjs.org/pkg-b/-/pkg-b-2.0.0.tgz",
      "integrity": "sha512-BBBBBBBBBBBBBBBBBBBBBBBBBBBBBBBBBBBBBBBBBBB=",
      "license": "MIT",
      "dependencies": {
        "shared-dep": "^2.0.0"
      }
    },
    "node_modules/pkg-a/node_modules/shared-dep": {
      "version": "1.5.0",
      "resolved": "https://registry.npmjs.org/shared-dep/-/shared-dep-1.5.0.tgz",
      "integrity": "sha512-CCCCCCCCCCCCCCCCCCCCCCCCCCCCCCCCCCCCCCCCCCC=",
      "license": "MIT",
      "dependencies": {
        "transitive-dep": "^1.0.0"
      }
    },
    "node_modules/pkg-b/node_modules/shared-dep": {
      "version": "2.3.0",
      "resolved": "https://registry.npmjs.org/shared-dep/-/shared-dep-2.3.0.tgz",
      "integrity": "sha512-DDDDDDDDDDDDDDDDDDDDDDDDDDDDDDDDDDDDDDDDDDD=",
      "license": "MIT",
      "dependencies": {
        "transitive-dep": "^2.0.0"
      }
    },
    "node_modules/pkg-a/node_modules/shared-dep/node_modules/transitive-dep": {
      "version": "1.2.0",
      "resolved": "https://registry.npmjs.org/transitive-dep/-/transitive-dep-1.2.0.tgz",
      "integrity": "sha512-EEEEEEEEEEEEEEEEEEEEEEEEEEEEEEEEEEEEEEEEEEE=",
      "license": "MIT"
    },
    "node_modules/pkg-b/node_modules/shared-dep/node_modules/transitive-dep": {
      "version": "2.1.0",
      "resolved": "https://registry.npmjs.org/transitive-dep/-/transitive-dep-2.1.0.tgz",
      "integrity": "sha512-FFFFFFFFFFFFFFFFFFFFFFFFFFFFFFFFFFFFFFFFFFFFFFF=",
      "license": "MIT"
    }
  }
}
