{
  "name": "@tuskdesign/source",
  "version": "1.0.0",
  "lockfileVersion": 3,
  "requires": true,
  "packages": {
    "": {
      "name": "@tuskdesign/source",
      "version": "1.0.0",
      "license": "ISC",
      "workspaces": [
        "packages/*"
      ],
      "devDependencies": {
        "tslib": "^2.8.0",
        "typescript": "~5.5.2"
      }
    },
    "apps/demo": {
      "name": "@tuskdesign/demo",
      "version": "0.0.0",
      "extraneous": true,
      "dependencies": {
        "@tuskdesign/buttons": "*",
        "@tuskdesign/forms": "*",
        "react": "^18.2.0",
        "react-dom": "^18.2.0"
      },
      "devDependencies": {
        "@types/react": "^18.2.43",
        "@types/react-dom": "^18.2.17",
        "@typescript-eslint/eslint-plugin": "^6.14.0",
        "@typescript-eslint/parser": "^6.14.0",
        "@vitejs/plugin-react": "^4.2.1",
        "eslint": "^8.55.0",
        "eslint-plugin-react-hooks": "^4.6.0",
        "eslint-plugin-react-refresh": "^0.4.5",
        "typescript": "^5.2.2",
        "vite": "^5.0.8"
      }
    },
    "node_modules/@tuskdesign/animals": {
      "resolved": "packages/animals",
      "link": true
    },
    "node_modules/@tuskdesign/names": {
      "resolved": "packages/names",
      "link": true
    },
    "node_modules/@tuskdesign/zoo": {
      "resolved": "packages/zoo",
      "link": true
    },
    "node_modules/@types/node": {
      "version": "18.16.9",
      "resolved": "https://registry.npmjs.org/@types/node/-/node-18.16.9.tgz",
      "integrity": "sha512-IeB32oIV4oGArLrd7znD2rkHQ6EDCM+2Sr76dJnrHwv9OHBTTM6nuDLK9bmikXzPa0ZlWMWtRGo/Uw4mrzQedA==",
      "dev": true
    },
    "node_modules/tslib": {
      "version": "2.8.0",
      "resolved": "https://registry.npmjs.org/tslib/-/tslib-2.8.0.tgz",
      "integrity": "sha512-jWVzBLplnCmoaTr13V9dYbiQ99wvZRd0vNWaDRg+aVYRcjDF3nDksxFDE/+fkXnKhpnUUkmx5pK/v8mCtLVqZA==",
      "dev": true
    },
    "node_modules/typescript": {
      "version": "5.5.4",
      "resolved": "https://registry.npmjs.org/typescript/-/typescript-5.5.4.tgz",
      "integrity": "sha512-Mtq29sKDAEYP7aljRgtPOpTvOfbwRWlS6dPRzwjdE+C0R4brX/GUyhHSecbHMFLNBLcJIPt9nl9yG5TZ1weH+Q==",
      "dev": true,
      "bin": {
        "tsc": "bin/tsc",
        "tsserver": "bin/tsserver"
      },
      "engines": {
        "node": ">=14.17"
      }
    },
    "packages/animals": {
      "name": "@tuskdesign/animals",
      "version": "1.2.0",
      "license": "ISC",
      "devDependencies": {
        "@types/node": "18.16.9",
        "typescript": "~5.5.2"
      }
    },
    "packages/buttons": {
      "name": "@tuskdesign/buttons",
      "version": "1.2.0",
      "extraneous": true,
      "license": "ISC",
      "dependencies": {
        "react": "^18.2.0",
        "react-dom": "^18.2.0"
      },
      "devDependencies": {
        "@types/node": "18.16.9",
        "tsup": "6.2.2",
        "typescript": "~5.5.2"
      }
    },
    "packages/forms": {
      "name": "@tuskdesign/forms",
      "version": "1.2.0",
      "extraneous": true,
      "license": "ISC",
      "dependencies": {
        "@tuskdesign/buttons": "1.2.0",
        "react": "^18.2.0",
        "react-dom": "^18.2.0"
      },
      "devDependencies": {
        "tsup": "6.2.2",
        "typescript": "^4.6.4"
      }
    },
    "packages/names": {
      "name": "@tuskdesign/names",
      "version": "1.2.0",
      "license": "ISC",
      "devDependencies": {
        "@types/node": "18.16.9",
        "typescript": "~5.5.2"
      }
    },
    "packages/util": {
      "name": "@tuskdesign/util",
      "version": "1.2.0",
      "extraneous": true,
      "license": "ISC",
      "devDependencies": {
        "typescript": "^4.6.4"
      }
    },
    "packages/zoo": {
      "version": "1.2.0",
      "license": "ISC",
      "dependencies": {
        "@tuskdesign/animals": "*",
        "@tuskdesign/names": "*"
      },
      "devDependencies": {
        "@types/node": "18.16.9",
        "typescript": "~5.5.2"
      }
    }
  }
}
