lockfileVersion: '9.0'

settings:
  autoInstallPeers: true
  excludeLinksFromLockfile: false

importers:

  .:
    dependencies:
      '@angular/common':
        specifier: ~22.0.0
        version: 22.0.5(@angular/core@22.0.5(@angular/compiler@22.0.5)(rxjs@7.8.2))(rxjs@7.8.2)
      '@angular/core':
        specifier: ~22.0.0
        version: 22.0.5(@angular/compiler@22.0.5)(rxjs@7.8.2)
      '@angular/platform-browser':
        specifier: ~22.0.0
        version: 22.0.5(@angular/common@22.0.5(@angular/core@22.0.5(@angular/compiler@22.0.5)(rxjs@7.8.2))(rxjs@7.8.2))(@angular/core@22.0.5(@angular/compiler@22.0.5)(rxjs@7.8.2))
      '@angular/platform-server':
        specifier: ~22.0.0
        version: 22.0.5(@angular/common@22.0.5(@angular/core@22.0.5(@angular/compiler@22.0.5)(rxjs@7.8.2))(rxjs@7.8.2))(@angular/compiler@22.0.5)(@angular/core@22.0.5(@angular/compiler@22.0.5)(rxjs@7.8.2))(@angular/platform-browser@22.0.5(@angular/common@22.0.5(@angular/core@22.0.5(@angular/compiler@22.0.5)(rxjs@7.8.2))(rxjs@7.8.2))(@angular/core@22.0.5(@angular/compiler@22.0.5)(rxjs@7.8.2)))(rxjs@7.8.2)
      '@angular/router':
        specifier: ~22.0.0
        version: 22.0.5(@angular/common@22.0.5(@angular/core@22.0.5(@angular/compiler@22.0.5)(rxjs@7.8.2))(rxjs@7.8.2))(@angular/core@22.0.5(@angular/compiler@22.0.5)(rxjs@7.8.2))(@angular/platform-browser@22.0.5(@angular/common@22.0.5(@angular/core@22.0.5(@angular/compiler@22.0.5)(rxjs@7.8.2))(rxjs@7.8.2))(@angular/core@22.0.5(@angular/compiler@22.0.5)(rxjs@7.8.2)))(rxjs@7.8.2)
      '@angular/ssr':
        specifier: ~22.0.0
        version: 22.0.5(@angular/common@22.0.5(@angular/core@22.0.5(@angular/compiler@22.0.5)(rxjs@7.8.2))(rxjs@7.8.2))(@angular/core@22.0.5(@angular/compiler@22.0.5)(rxjs@7.8.2))(@angular/platform-server@22.0.5(@angular/common@22.0.5(@angular/core@22.0.5(@angular/compiler@22.0.5)(rxjs@7.8.2))(rxjs@7.8.2))(@angular/compiler@22.0.5)(@angular/core@22.0.5(@angular/compiler@22.0.5)(rxjs@7.8.2))(@angular/platform-browser@22.0.5(@angular/common@22.0.5(@angular/core@22.0.5(@angular/compiler@22.0.5)(rxjs@7.8.2))(rxjs@7.8.2))(@angular/core@22.0.5(@angular/compiler@22.0.5)(rxjs@7.8.2)))(rxjs@7.8.2))(@angular/router@22.0.5(@angular/common@22.0.5(@angular/core@22.0.5(@angular/compiler@22.0.5)(rxjs@7.8.2))(rxjs@7.8.2))(@angular/core@22.0.5(@angular/compiler@22.0.5)(rxjs@7.8.2))(@angular/platform-browser@22.0.5(@angular/common@22.0.5(@angular/core@22.0.5(@angular/compiler@22.0.5)(rxjs@7.8.2))(rxjs@7.8.2))(@angular/core@22.0.5(@angular/compiler@22.0.5)(rxjs@7.8.2)))(rxjs@7.8.2))
      express:
        specifier: ^4.21.2
        version: 4.22.2
      rxjs:
        specifier: ^7.8.0
        version: 7.8.2
    devDependencies:
      '@nx/angular-rspack':
        specifier: link:../../../packages/angular-rspack
        version: link:../../../packages/angular-rspack
      '@nx/rspack':
        specifier: link:../../../packages/rspack
        version: link:../../../packages/rspack
      '@rspack/cli':
        specifier: ^2.0.4
        version: 2.1.2(@rspack/core@2.1.2)
      '@rspack/core':
        specifier: ^2.0.4
        version: 2.1.2
      '@types/express':
        specifier: ^4.17.21
        version: 4.17.25
      typescript:
        specifier: ~6.0.3
        version: 6.0.3

packages:

  '@angular/common@22.0.5':
    resolution: {integrity: sha512-8HUuQms6bVjjRBF9FScYzepjhesrsPAjJh8UcHaw9YdGwMSn2eUiLZj9V1PnPV9BVu0beBcnAhX50ceeldbcTg==}
    engines: {node: ^22.22.3 || ^24.15.0 || >=26.0.0}
    peerDependencies:
      '@angular/core': 22.0.5
      rxjs: ^6.5.3 || ^7.4.0

  '@angular/compiler@22.0.5':
    resolution: {integrity: sha512-yGhbEBh2WU1kCubjBD+Eo5bwvZPR+zacDhyPao/PgopH0PiVETd4Iv1gK0ZAvg7XdImgzZfipJXKqTK4JbOFiQ==}
    engines: {node: ^22.22.3 || ^24.15.0 || >=26.0.0}

  '@angular/core@22.0.5':
    resolution: {integrity: sha512-8cc6CLC1u7kNHpUZA15tak0WPHAZTF16DPslXxDdWbw/WIlDGPsNdTW8Nsaeb/G45mLvBcMwcZpOC70R6iRzmA==}
    engines: {node: ^22.22.3 || ^24.15.0 || >=26.0.0}
    peerDependencies:
      '@angular/compiler': 22.0.5
      rxjs: ^6.5.3 || ^7.4.0
      zone.js: ~0.15.0 || ~0.16.0
    peerDependenciesMeta:
      '@angular/compiler':
        optional: true
      zone.js:
        optional: true

  '@angular/platform-browser@22.0.5':
    resolution: {integrity: sha512-Jm0YQ0NsJl3vhzziO+BEmtW5AYIyI+jVGNJHs4nFKLqSPG7DWkBfx4EykHBN5pAR4NLwwaJyFgbgNE/epZJDZQ==}
    engines: {node: ^22.22.3 || ^24.15.0 || >=26.0.0}
    peerDependencies:
      '@angular/animations': 22.0.5
      '@angular/common': 22.0.5
      '@angular/core': 22.0.5
    peerDependenciesMeta:
      '@angular/animations':
        optional: true

  '@angular/platform-server@22.0.5':
    resolution: {integrity: sha512-uajbCaIbXXL9kqi1g3kKftjLBwMg01c6ymYmlXLpDeHBKSllsBzOjWsdtFubKpG4ehr+vUh+38eH4aPVVOCICA==}
    engines: {node: ^22.22.3 || ^24.15.0 || >=26.0.0}
    peerDependencies:
      '@angular/common': 22.0.5
      '@angular/compiler': 22.0.5
      '@angular/core': 22.0.5
      '@angular/platform-browser': 22.0.5
      rxjs: ^6.5.3 || ^7.4.0

  '@angular/router@22.0.5':
    resolution: {integrity: sha512-1S5PCHicRQkQX4z/zjBu9VHMSoT9kOkWI0kuXuswiZtcFhK7kZbVvzrP/dBjc2YUg3AlsxS8iZY6fKFzj3/nBA==}
    engines: {node: ^22.22.3 || ^24.15.0 || >=26.0.0}
    peerDependencies:
      '@angular/common': 22.0.5
      '@angular/core': 22.0.5
      '@angular/platform-browser': 22.0.5
      rxjs: ^6.5.3 || ^7.4.0

  '@angular/ssr@22.0.5':
    resolution: {integrity: sha512-fK1P0M8+0BsVDp5NG/y3l3YHGNdyPRdtox7haLwxZu9nvra1Tra2yfwuURdnCwJKm30TUfdxR+cf5kkresA3tw==}
    peerDependencies:
      '@angular/common': ^22.0.0
      '@angular/core': ^22.0.0
      '@angular/platform-server': ^22.0.0
      '@angular/router': ^22.0.0
    peerDependenciesMeta:
      '@angular/platform-server':
        optional: true

  '@emnapi/core@1.11.1':
    resolution: {integrity: sha512-RSvbQmHzdKzNsLYa/wHrbc3KN4sYLKAdPZxqiM2HATqv/SBk2/ENSHpvXGaLOMcsAyz0poEGqkmmKYG3OWiJEQ==}

  '@emnapi/runtime@1.11.1':
    resolution: {integrity: sha512-vgj7R3y3Wgx24IQaGPA/R6YFXLHVMOZ0uVEyIQPaWs+rd1AzfEMXlAC22FYwO1XkKR6NPsq7mUandH8oIRdZFw==}

  '@emnapi/wasi-threads@1.2.2':
    resolution: {integrity: sha512-c95qOXkHdydNKhscBTebqEC1CVAZpyqOfVfBzQ1qgzyl3gfeldUjIggDbIZgDKsHLgnsM+igH7TJ/eAasaVuMA==}

  '@napi-rs/wasm-runtime@1.1.6':
    resolution: {integrity: sha512-ZLv/JdUfkvOy9eCnnBaGfiO+XimbjebAeO+MRQqD/B+FR1tnRN0tpKSJHRbE8sFfS6aqsXZ67TQjfwfsxULVbg==}
    peerDependencies:
      '@emnapi/core': ^1.7.1
      '@emnapi/runtime': ^1.7.1

  '@rspack/binding-darwin-arm64@2.1.2':
    resolution: {integrity: sha512-IYcxareUOYJZz+uNMSIwn+iDRiVyjZNOjoxO/zL4OFaPK8Ncrw0ka/9DqL9Gd7OpnAXN1zK3uS8yD0O1yIYI3Q==}
    cpu: [arm64]
    os: [darwin]

  '@rspack/binding-darwin-x64@2.1.2':
    resolution: {integrity: sha512-aoifkILvx/XEHyvg8yW57xu95nx7f9f/3ah1+RguHSNKcJMcoCep9VX1Ct1N0ftqg8MC0JUObc7xWL5W14hmjA==}
    cpu: [x64]
    os: [darwin]

  '@rspack/binding-linux-arm64-gnu@2.1.2':
    resolution: {integrity: sha512-My4m40tyJSgiCEf3bB2KIEX710q3nZg99LIjy+8Zxgi3oZTkg1bFmFRusFU5U4eN5408zfSqDDGvjDE3Yv7o4w==}
    cpu: [arm64]
    os: [linux]
    libc: [glibc]

  '@rspack/binding-linux-arm64-musl@2.1.2':
    resolution: {integrity: sha512-yt+GGWUH7WPE8K97cRc8OpZhH7Pbj1vU+lkvKbDtF/rR8X9a/bJsA/nBqyUV2oBKOVbrp5I8rFZlnDskMqgvKw==}
    cpu: [arm64]
    os: [linux]
    libc: [musl]

  '@rspack/binding-linux-riscv64-gnu@2.1.2':
    resolution: {integrity: sha512-uys8Jyw8Z3ralvICbN/L/nZfy5qELIwpOY72rhIqhoDYwFcL4fmMaY7WsvUcJOjCB2rqOcWPaWKuF2oPvo9iDQ==}
    cpu: [riscv64]
    os: [linux]
    libc: [glibc]

  '@rspack/binding-linux-riscv64-musl@2.1.2':
    resolution: {integrity: sha512-JYNVQwqCaRGQWvjHQYzZkIzQiwllMaJwh4Rdu3ww6W2OJcJUqT08sL1pkOtU0iCxT4VUYiRRcp93VGTGpHr8fg==}
    cpu: [riscv64]
    os: [linux]
    libc: [musl]

  '@rspack/binding-linux-x64-gnu@2.1.2':
    resolution: {integrity: sha512-KDoPy0Msf/JLhxgPPrJQzZeB4Qpqd32em8AP5lSW2s6jR5I35dHgAe9xc2A++EQtnSrU4GTn6DBvFC7q84SihQ==}
    cpu: [x64]
    os: [linux]
    libc: [glibc]

  '@rspack/binding-linux-x64-musl@2.1.2':
    resolution: {integrity: sha512-66hWmIGvn4zCKAYXJE9Bp5SNSLYnLFq2Ke/efE+ZtWy43Dd5vk9AAOmThVGBwdwmIxmGtHGCp+cAuS4G0wu0TA==}
    cpu: [x64]
    os: [linux]
    libc: [musl]

  '@rspack/binding-wasm32-wasi@2.1.2':
    resolution: {integrity: sha512-EB4SqH8DW/E/OmqssNQvnIVGQiVUyYNlA/pcc6Ia4MlTNwu6eNDppcNLrToH+kSZpL4CpHSFfSM3eIsSuar2Rw==}
    cpu: [wasm32]

  '@rspack/binding-win32-arm64-msvc@2.1.2':
    resolution: {integrity: sha512-T6Fs/g32MRja/UpCq4AdyPRj8tA0cOkcEa4PrAcn/ztUgK8b/qMVxj5mhMI+n7k+kHZQnpeB1Q4HqdSJi6OocA==}
    cpu: [arm64]
    os: [win32]

  '@rspack/binding-win32-ia32-msvc@2.1.2':
    resolution: {integrity: sha512-OtxkFVz14mVL4QK8QriSELn9B6PaYGHw1jGJwVDEzpu2ZxSHCTQPz9dVE1ekYtREEqZUkRU7Fp7VfhJSmjTt2Q==}
    cpu: [ia32]
    os: [win32]

  '@rspack/binding-win32-x64-msvc@2.1.2':
    resolution: {integrity: sha512-Am+nx9fLF3nzgD/K05Bs1Bb+WO8SFLWAYRbXkymaL1r+RQxjRj7jd5ap2PhGOCcfaNA4yVWkAFvmFP92eRu7bQ==}
    cpu: [x64]
    os: [win32]

  '@rspack/binding@2.1.2':
    resolution: {integrity: sha512-/mFcRSUW7Pl19KeaBIujJvZYNJQu0wD5D3aa5h+Qcph26v7nmLYlX7eajIHGi8tt2qTZX1lXifw2KLIXKwYaRQ==}

  '@rspack/cli@2.1.2':
    resolution: {integrity: sha512-GTBsKuaeqDii6NaGPkQwvycMSjqMUMMRGiAwH0sXsFIn8X7sFa4xpoL7pIhbebVBDGzYhUBqWzNQFuL5u2FeoQ==}
    hasBin: true
    peerDependencies:
      '@rspack/core': ^2.0.0-0
      '@rspack/dev-server': ^2.0.0-0
    peerDependenciesMeta:
      '@rspack/dev-server':
        optional: true

  '@rspack/core@2.1.2':
    resolution: {integrity: sha512-crpNQKhHfnzrIl4Sa4fjH30Ho5aAPgyqpmJZ41SkUFOzyKHdZKYfE5LF3CMh7MiFQFPPxiiKf5BcpxmtZZx4MQ==}
    engines: {node: ^20.19.0 || >=22.12.0}
    peerDependencies:
      '@module-federation/runtime-tools': ^0.24.1 || ^2.0.0
      '@swc/helpers': ^0.5.23
    peerDependenciesMeta:
      '@module-federation/runtime-tools':
        optional: true
      '@swc/helpers':
        optional: true

  '@tybys/wasm-util@0.10.3':
    resolution: {integrity: sha512-F3fo1MYrRJYL3zER0OUOmkutjr1Vp23m7OsSgp7nq4SP6OqX6C/56XFIPAl5bt3zaBRjmW7SGz3u/6LwFpYcOg==}

  '@types/body-parser@1.19.6':
    resolution: {integrity: sha512-HLFeCYgz89uk22N5Qg3dvGvsv46B8GLvKKo1zKG4NybA8U2DiEO3w9lqGg29t/tfLRJpJ6iQxnVw4OnB7MoM9g==}

  '@types/connect@3.4.38':
    resolution: {integrity: sha512-K6uROf1LD88uDQqJCktA4yzL1YYAK6NgfsI0v/mTgyPKWsX1CnJ0XPSDhViejru1GcRkLWb8RlzFYJRqGUbaug==}

  '@types/express-serve-static-core@4.19.8':
    resolution: {integrity: sha512-02S5fmqeoKzVZCHPZid4b8JH2eM5HzQLZWN2FohQEy/0eXTq8VXZfSN6Pcr3F6N9R/vNrj7cpgbhjie6m/1tCA==}

  '@types/express@4.17.25':
    resolution: {integrity: sha512-dVd04UKsfpINUnK0yBoYHDF3xu7xVH4BuDotC/xGuycx4CgbP48X/KF/586bcObxT0HENHXEU8Nqtu6NR+eKhw==}

  '@types/http-errors@2.0.5':
    resolution: {integrity: sha512-r8Tayk8HJnX0FztbZN7oVqGccWgw98T/0neJphO91KkmOzug1KkofZURD4UaD5uH8AqcFLfdPErnBod0u71/qg==}

  '@types/mime@1.3.5':
    resolution: {integrity: sha512-/pyBZWSLD2n0dcHE3hq8s8ZvcETHtEuF+3E7XVt0Ig2nvsVQXdghHVcEkIWjy9A0wKfTn97a/PSDYohKIlnP/w==}

  '@types/node@26.1.0':
    resolution: {integrity: sha512-O0A1G3xPGy4w7AgQdAQYUlQ+BKk2Oovw8eRpofyp5KdBZULnbe+WqaOVNrm705SHphCiG4XHsACrSmPu1f+Kgw==}

  '@types/qs@6.15.1':
    resolution: {integrity: sha512-GZHUBZR9hckSUhrxmp1nG6NwdpM9fCunJwyThLW1X3AyHgd9IlHb6VANpQQqDr2o/qQp6McZ3y/IA2rVzKzSbw==}

  '@types/range-parser@1.2.7':
    resolution: {integrity: sha512-hKormJbkJqzQGhziax5PItDUTMAM9uE2XXQmM37dyd4hVM+5aVl7oVxMVUiVQn2oCQFN/LKCZdvSM0pFRqbSmQ==}

  '@types/send@0.17.6':
    resolution: {integrity: sha512-Uqt8rPBE8SY0RK8JB1EzVOIZ32uqy8HwdxCnoCOsYrvnswqmFZ/k+9Ikidlk/ImhsdvBsloHbAlewb2IEBV/Og==}

  '@types/send@1.2.1':
    resolution: {integrity: sha512-arsCikDvlU99zl1g69TcAB3mzZPpxgw0UQnaHeC1Nwb015xp8bknZv5rIfri9xTOcMuaVgvabfIRA7PSZVuZIQ==}

  '@types/serve-static@1.15.10':
    resolution: {integrity: sha512-tRs1dB+g8Itk72rlSI2ZrW6vZg0YrLI81iQSTkMmOqnqCaNr/8Ek4VwWcN5vZgCYWbg/JJSGBlUaYGAOP73qBw==}

  accepts@1.3.8:
    resolution: {integrity: sha512-PYAthTa2m2VKxuvSD3DPC/Gy+U+sOA1LAuT8mkmRuvw+NACSaeXEQ+NHcVF7rONl6qcaxV3Uuemwawk+7+SJLw==}
    engines: {node: '>= 0.6'}

  array-flatten@1.1.1:
    resolution: {integrity: sha512-PCVAQswWemu6UdxsDFFX/+gVeYqKAod3D3UVm91jHwynguOwAvYPhx8nNlM++NqRcK6CxxpUafjmhIdKiHibqg==}

  body-parser@1.20.5:
    resolution: {integrity: sha512-3grm+/2tUOvu2cjJkvsIxrv/wVpfXQW4PsQHYm7yk4vfpu7Ekl6nEsYBoJUL6qDwZUx8wUhQ8tR2qz+ad9c9OA==}
    engines: {node: '>= 0.8', npm: 1.2.8000 || >= 1.4.16}

  bytes@3.1.2:
    resolution: {integrity: sha512-/Nf7TyzTx6S3yRJObOAV7956r8cr2+Oj8AC5dt8wSP3BQAoeX58NoHyCU8P8zGkNXStjTSi6fzO6F0pBdcYbEg==}
    engines: {node: '>= 0.8'}

  call-bind-apply-helpers@1.0.2:
    resolution: {integrity: sha512-Sp1ablJ0ivDkSzjcaJdxEunN5/XvksFJ2sMBFfq6x0ryhQV/2b/KwFe21cMpmHtPOSij8K99/wSfoEuTObmuMQ==}
    engines: {node: '>= 0.4'}

  call-bound@1.0.4:
    resolution: {integrity: sha512-+ys997U96po4Kx/ABpBCqhA9EuxJaQWDQg7295H4hBphv3IZg0boBKuwYpt4YXp6MZ5AmZQnU/tyMTlRpaSejg==}
    engines: {node: '>= 0.4'}

  content-disposition@0.5.4:
    resolution: {integrity: sha512-FveZTNuGw04cxlAiWbzi6zTAL/lhehaWbTtgluJh4/E95DqMwTmha3KZN1aAWA8cFIhHzMZUvLevkw5Rqk+tSQ==}
    engines: {node: '>= 0.6'}

  content-type@1.0.5:
    resolution: {integrity: sha512-nTjqfcBFEipKdXCv4YDQWCfmcLZKm81ldF0pAopTvyrFGVbcR6P/VAAd5G7N+0tTr8QqiU0tFadD6FK4NtJwOA==}
    engines: {node: '>= 0.6'}

  cookie-signature@1.0.7:
    resolution: {integrity: sha512-NXdYc3dLr47pBkpUCHtKSwIOQXLVn8dZEuywboCOJY/osA0wFSLlSawr3KN8qXJEyX66FcONTH8EIlVuK0yyFA==}

  cookie@0.7.2:
    resolution: {integrity: sha512-yki5XnKuf750l50uGTllt6kKILY4nQ1eNIQatoXEByZ5dWgnKqbnqmTrBE5B4N7lrMJKQ2ytWMiTO2o0v6Ew/w==}
    engines: {node: '>= 0.6'}

  debug@2.6.9:
    resolution: {integrity: sha512-bC7ElrdJaJnPbAP+1EotYvqZsb3ecl5wi6Bfi6BJTUcNowp6cvspg0jXznRTKDjm/E7AdgFBVeAPVMNcKGsHMA==}
    peerDependencies:
      supports-color: '*'
    peerDependenciesMeta:
      supports-color:
        optional: true

  depd@2.0.0:
    resolution: {integrity: sha512-g7nH6P6dyDioJogAAGprGpCtVImJhpPk/roCzdb3fIh61/s/nPsfR6onyMwkCAR/OlC3yBC0lESvUoQEAssIrw==}
    engines: {node: '>= 0.8'}

  destroy@1.2.0:
    resolution: {integrity: sha512-2sJGJTaXIIaR1w4iJSNoN0hnMY7Gpc/n8D4qSCJw8QqFWXf7cuAgnEHxBpweaVcPevC2l3KpjYCx3NypQQgaJg==}
    engines: {node: '>= 0.8', npm: 1.2.8000 || >= 1.4.16}

  dunder-proto@1.0.1:
    resolution: {integrity: sha512-KIN/nDJBQRcXw0MLVhZE9iQHmG68qAVIBg9CqmUYjmQIhgij9U5MFvrqkUL5FbtyyzZuOeOt0zdeRe4UY7ct+A==}
    engines: {node: '>= 0.4'}

  ee-first@1.1.1:
    resolution: {integrity: sha512-WMwm9LhRUo+WUaRN+vRuETqG89IgZphVSNkdFgeb6sS/E4OrDIN7t48CAewSHXc6C8lefD8KKfr5vY61brQlow==}

  encodeurl@2.0.0:
    resolution: {integrity: sha512-Q0n9HRi4m6JuGIV1eFlmvJB7ZEVxu93IrMyiMsGC0lrMJMWzRgx6WGquyfQgZVb31vhGgXnfmPNNXmxnOkRBrg==}
    engines: {node: '>= 0.8'}

  es-define-property@1.0.1:
    resolution: {integrity: sha512-e3nRfgfUZ4rNGL232gUgX06QNyyez04KdjFrF+LTRoOXmrOgFKDg4BCdsjW8EnT69eqdYGmRpJwiPVYNrCaW3g==}
    engines: {node: '>= 0.4'}

  es-errors@1.3.0:
    resolution: {integrity: sha512-Zf5H2Kxt2xjTvbJvP2ZWLEICxA6j+hAmMzIlypy4xcBg1vKVnx89Wy0GbS+kf5cwCVFFzdCFh2XSCFNULS6csw==}
    engines: {node: '>= 0.4'}

  es-object-atoms@1.1.2:
    resolution: {integrity: sha512-HWcBoN6NileqtSydK2FqHbS/LoDd2pqrnQHLyJzBj4kOp/ky2MWMN694xOfkK8/SnUsW2DH7EfyVlydKCsm1Zw==}
    engines: {node: '>= 0.4'}

  escape-html@1.0.3:
    resolution: {integrity: sha512-NiSupZ4OeuGwr68lGIeym/ksIZMJodUGOSCZ/FSnTxcrekbvqrgdUxlJOMpijaKZVjAJrWrGs/6Jy8OMuyj9ow==}

  etag@1.8.1:
    resolution: {integrity: sha512-aIL5Fx7mawVa300al2BnEE4iNvo1qETxLrPI/o05L7z6go7fCw1J6EQmbK4FmJ2AS7kgVF/KEZWufBfdClMcPg==}
    engines: {node: '>= 0.6'}

  express@4.22.2:
    resolution: {integrity: sha512-IuL+Elrou2ZvCFHs18/CIzy2Nzvo25nZ1/D2eIZlz7c+QUayAcYoiM2BthCjs+EBHVpjYjcuLDAiCWgeIX3X1Q==}
    engines: {node: '>= 0.10.0'}

  finalhandler@1.3.2:
    resolution: {integrity: sha512-aA4RyPcd3badbdABGDuTXCMTtOneUCAYH/gxoYRTZlIJdF0YPWuGqiAsIrhNnnqdXGswYk6dGujem4w80UJFhg==}
    engines: {node: '>= 0.8'}

  forwarded@0.2.0:
    resolution: {integrity: sha512-buRG0fpBtRHSTCOASe6hD258tEubFoRLb4ZNA6NxMVHNw2gOcwHo9wyablzMzOA5z9xA9L1KNjk/Nt6MT9aYow==}
    engines: {node: '>= 0.6'}

  fresh@0.5.2:
    resolution: {integrity: sha512-zJ2mQYM18rEFOudeV4GShTGIQ7RbzA7ozbU9I/XBpm7kqgMywgmylMwXHxZJmkVoYkna9d2pVXVXPdYTP9ej8Q==}
    engines: {node: '>= 0.6'}

  function-bind@1.1.2:
    resolution: {integrity: sha512-7XHNxH7qX9xG5mIwxkhumTox/MIRNcOgDrxWsMt2pAr23WHp6MrRlN7FBSFpCpr+oVO0F744iUgR82nJMfG2SA==}

  get-intrinsic@1.3.0:
    resolution: {integrity: sha512-9fSjSaos/fRIVIp+xSJlE6lfwhES7LNtKaCBIamHsjr2na1BiABJPo0mOjjz8GJDURarmCPGqaiVg5mfjb98CQ==}
    engines: {node: '>= 0.4'}

  get-proto@1.0.1:
    resolution: {integrity: sha512-sTSfBjoXBp89JvIKIefqw7U2CCebsc74kiY6awiGogKtoSGbgjYE/G/+l9sF3MWFPNc9IcoOC4ODfKHfxFmp0g==}
    engines: {node: '>= 0.4'}

  gopd@1.2.0:
    resolution: {integrity: sha512-ZUKRh6/kUFoAiTAtTYPZJ3hw9wNxx+BIBOijnlG9PnrJsCcSjs1wyyD6vJpaYtgnzDrKYRSqf3OO6Rfa93xsRg==}
    engines: {node: '>= 0.4'}

  has-symbols@1.1.0:
    resolution: {integrity: sha512-1cDNdwJ2Jaohmb3sg4OmKaMBwuC48sYni5HUw2DvsC8LjGTLK9h+eb1X6RyuOHe4hT0ULCW68iomhjUoKUqlPQ==}
    engines: {node: '>= 0.4'}

  hasown@2.0.4:
    resolution: {integrity: sha512-T2UbfbBEF32wiepXIsMlTW9+dDYC6wMh/t/vYA4tuOMKqWz/n3vr1NFSxQiyP+zk2mXsoMA/i/7qV6LKut1t1A==}
    engines: {node: '>= 0.4'}

  http-errors@2.0.1:
    resolution: {integrity: sha512-4FbRdAX+bSdmo4AUFuS0WNiPz8NgFt+r8ThgNWmlrjQjt1Q7ZR9+zTlce2859x4KSXrwIsaeTqDoKQmtP8pLmQ==}
    engines: {node: '>= 0.8'}

  iconv-lite@0.4.24:
    resolution: {integrity: sha512-v3MXnZAcvnywkTUEZomIActle7RXXeedOR31wwl7VlyoXO4Qi9arvSenNQWne1TcRwhCL1HwLI21bEqdpj8/rA==}
    engines: {node: '>=0.10.0'}

  inherits@2.0.4:
    resolution: {integrity: sha512-k/vGaX4/Yla3WzyMCvTQOXYeIHvqOKtnqBduzTHpzpQZzAskKMhZ2K+EnBiSM9zGSoIFeMpXKxa4dYeZIQqewQ==}

  ipaddr.js@1.9.1:
    resolution: {integrity: sha512-0KI/607xoxSToH7GjN1FfSbLoU0+btTicjsQSWQlh/hZykN8KpmMf7uYwPW3R+akZ6R/w18ZlXSHBYXiYUPO3g==}
    engines: {node: '>= 0.10'}

  math-intrinsics@1.1.0:
    resolution: {integrity: sha512-/IXtbwEk5HTPyEwyKX6hGkYXxM9nbj64B+ilVJnC/R6B0pH5G4V3b0pVbL7DBj4tkhBAppbQUlf6F6Xl9LHu1g==}
    engines: {node: '>= 0.4'}

  media-typer@0.3.0:
    resolution: {integrity: sha512-dq+qelQ9akHpcOl/gUVRTxVIOkAJ1wR3QAvb4RsVjS8oVoFjDGTc679wJYmUmknUF5HwMLOgb5O+a3KxfWapPQ==}
    engines: {node: '>= 0.6'}

  merge-descriptors@1.0.3:
    resolution: {integrity: sha512-gaNvAS7TZ897/rVaZ0nMtAyxNyi/pdbjbAwUpFQpN70GqnVfOiXpeUUMKRBmzXaSQ8DdTX4/0ms62r2K+hE6mQ==}

  methods@1.1.2:
    resolution: {integrity: sha512-iclAHeNqNm68zFtnZ0e+1L2yUIdvzNoauKU4WBA3VvH/vPFieF7qfRlwUZU+DA9P9bPXIS90ulxoUoCH23sV2w==}
    engines: {node: '>= 0.6'}

  mime-db@1.52.0:
    resolution: {integrity: sha512-sPU4uV7dYlvtWJxwwxHD0PuihVNiE7TyAbQ5SWxDCB9mUYvOgroQOwYQQOKPJ8CIbE+1ETVlOoK1UC2nU3gYvg==}
    engines: {node: '>= 0.6'}

  mime-types@2.1.35:
    resolution: {integrity: sha512-ZDY+bPm5zTTF+YpCrAU9nK0UgICYPT0QtT1NZWFv4s++TNkcgVaT0g6+4R2uI4MjQjzysHB1zxuWL50hzaeXiw==}
    engines: {node: '>= 0.6'}

  mime@1.6.0:
    resolution: {integrity: sha512-x0Vn8spI+wuJ1O6S7gnbaQg8Pxh4NNHb7KSINmEWKiPE4RKOplvijn+NkmYmmRgP68mc70j2EbeTFRsrswaQeg==}
    engines: {node: '>=4'}
    hasBin: true

  ms@2.0.0:
    resolution: {integrity: sha512-Tpp60P6IUJDTuOq/5Z8cdskzJujfwqfOTkrwIwj7IRISpnkJnT6SyJ4PCPnGMoFjC9ddhal5KVIYtAt97ix05A==}

  ms@2.1.3:
    resolution: {integrity: sha512-6FlzubTLZG3J2a/NVCAleEhjzq5oxgHyaCU9yYXvcLsvoVaHJq/s5xXI6/XXP6tz7R9xAOtHnSO/tXtF3WRTlA==}

  negotiator@0.6.3:
    resolution: {integrity: sha512-+EUsqGPLsM+j/zdChZjsnX51g4XrHFOIXwfnCVPGlQk/k5giakcKsuxCObBRu6DSm9opw/O6slWbJdghQM4bBg==}
    engines: {node: '>= 0.6'}

  object-inspect@1.13.4:
    resolution: {integrity: sha512-W67iLl4J2EXEGTbfeHCffrjDfitvLANg0UlX3wFUUSTx92KXRFegMHUVgSqE+wvhAbi4WqjGg9czysTV2Epbew==}
    engines: {node: '>= 0.4'}

  on-finished@2.4.1:
    resolution: {integrity: sha512-oVlzkg3ENAhCk2zdv7IJwd/QUD4z2RxRwpkcGY8psCVcCYZNq4wYnVWALHM+brtuJjePWiYF/ClmuDr8Ch5+kg==}
    engines: {node: '>= 0.8'}

  parseurl@1.3.3:
    resolution: {integrity: sha512-CiyeOxFT/JZyN5m0z9PfXw4SCBJ6Sygz1Dpl0wqjlhDEGGBP1GnsUVEL0p63hoG1fcj3fHynXi9NYO4nWOL+qQ==}
    engines: {node: '>= 0.8'}

  path-to-regexp@0.1.13:
    resolution: {integrity: sha512-A/AGNMFN3c8bOlvV9RreMdrv7jsmF9XIfDeCd87+I8RNg6s78BhJxMu69NEMHBSJFxKidViTEdruRwEk/WIKqA==}

  proxy-addr@2.0.7:
    resolution: {integrity: sha512-llQsMLSUDUPT44jdrU/O37qlnifitDP+ZwrmmZcoSKyLKvtZxpyV0n2/bD/N4tBAAZ/gJEdZU7KMraoK1+XYAg==}
    engines: {node: '>= 0.10'}

  qs@6.15.3:
    resolution: {integrity: sha512-O9gl3zCl5h5blw1KGUzQKhA5oUXSl8rwUIM5o0S3nCXMliSvy5Dzx7/DJcI+SwgICv+IneSZwhBh1oSyEHA71A==}
    engines: {node: '>=0.6'}

  range-parser@1.2.1:
    resolution: {integrity: sha512-Hrgsx+orqoygnmhFbKaHE6c296J+HTAQXoxEF6gNupROmmGJRoyzfG3ccAveqCBrwr/2yxQ5BVd/GTl5agOwSg==}
    engines: {node: '>= 0.6'}

  raw-body@2.5.3:
    resolution: {integrity: sha512-s4VSOf6yN0rvbRZGxs8Om5CWj6seneMwK3oDb4lWDH0UPhWcxwOWw5+qk24bxq87szX1ydrwylIOp2uG1ojUpA==}
    engines: {node: '>= 0.8'}

  rxjs@7.8.2:
    resolution: {integrity: sha512-dhKf903U/PQZY6boNNtAGdWbG85WAbjT/1xYoZIC7FAY0yWapOBQVsVrDl58W86//e1VpMNBtRV4MaXfdMySFA==}

  safe-buffer@5.2.1:
    resolution: {integrity: sha512-rp3So07KcdmmKbGvgaNxQSJr7bGVSVk5S9Eq1F+ppbRo70+YeaDxkw5Dd8NPN+GD6bjnYm2VuPuCXmpuYvmCXQ==}

  safer-buffer@2.1.2:
    resolution: {integrity: sha512-YZo3K82SD7Riyi0E1EQPojLz7kpepnSQI9IyPbHHg1XXXevb5dJI7tpyN2ADxGcQbHG7vcyRHk0cbwqcQriUtg==}

  send@0.19.2:
    resolution: {integrity: sha512-VMbMxbDeehAxpOtWJXlcUS5E8iXh6QmN+BkRX1GARS3wRaXEEgzCcB10gTQazO42tpNIya8xIyNx8fll1OFPrg==}
    engines: {node: '>= 0.8.0'}

  serve-static@1.16.3:
    resolution: {integrity: sha512-x0RTqQel6g5SY7Lg6ZreMmsOzncHFU7nhnRWkKgWuMTu5NN0DR5oruckMqRvacAN9d5w6ARnRBXl9xhDCgfMeA==}
    engines: {node: '>= 0.8.0'}

  setprototypeof@1.2.0:
    resolution: {integrity: sha512-E5LDX7Wrp85Kil5bhZv46j8jOeboKq5JMmYM3gVGdGH8xFpPWXUMsNrlODCrkoxMEeNi/XZIwuRvY4XNwYMJpw==}

  side-channel-list@1.0.1:
    resolution: {integrity: sha512-mjn/0bi/oUURjc5Xl7IaWi/OJJJumuoJFQJfDDyO46+hBWsfaVM65TBHq2eoZBhzl9EchxOijpkbRC8SVBQU0w==}
    engines: {node: '>= 0.4'}

  side-channel-map@1.0.1:
    resolution: {integrity: sha512-VCjCNfgMsby3tTdo02nbjtM/ewra6jPHmpThenkTYh8pG9ucZ/1P8So4u4FGBek/BjpOVsDCMoLA/iuBKIFXRA==}
    engines: {node: '>= 0.4'}

  side-channel-weakmap@1.0.2:
    resolution: {integrity: sha512-WPS/HvHQTYnHisLo9McqBHOJk2FkHO/tlpvldyrnem4aeQp4hai3gythswg6p01oSoTl58rcpiFAjF2br2Ak2A==}
    engines: {node: '>= 0.4'}

  side-channel@1.1.1:
    resolution: {integrity: sha512-6x6dK6zJdpTzF4sQeNYxwtvBzf6Eg4GtlesS94HOvTudUeyK2WXAaIfmDgsyslYrRBeFIlsi54AYsFGUuhmvrQ==}
    engines: {node: '>= 0.4'}

  statuses@2.0.2:
    resolution: {integrity: sha512-DvEy55V3DB7uknRo+4iOGT5fP1slR8wQohVdknigZPMpMstaKJQWhwiYBACJE3Ul2pTnATihhBYnRhZQHGBiRw==}
    engines: {node: '>= 0.8'}

  toidentifier@1.0.1:
    resolution: {integrity: sha512-o5sSPKEkg/DIQNmH43V0/uerLrpzVedkUh8tGNvaeXpfpuwjKenlSox/2O/BTlZUtEe+JG7s5YhEz608PlAHRA==}
    engines: {node: '>=0.6'}

  tslib@2.8.1:
    resolution: {integrity: sha512-oJFu94HQb+KVduSUQL7wnpmqnfmLsOA/nAh6b6EH0wCEoK0/mPeXU6c3wKDV83MkOuHPRHtSXKKU99IBazS/2w==}

  type-is@1.6.18:
    resolution: {integrity: sha512-TkRKr9sUTxEH8MdfuCSP7VizJyzRNMjj2J2do2Jr3Kym598JVdEksuzPQCnlFPW4ky9Q+iA+ma9BGm06XQBy8g==}
    engines: {node: '>= 0.6'}

  typescript@6.0.3:
    resolution: {integrity: sha512-y2TvuxSZPDyQakkFRPZHKFm+KKVqIisdg9/CZwm9ftvKXLP8NRWj38/ODjNbr43SsoXqNuAisEf1GdCxqWcdBw==}
    engines: {node: '>=14.17'}
    hasBin: true

  undici-types@8.3.0:
    resolution: {integrity: sha512-j375ScV60dom+YkPFIfTLcOiPxkN/buHz5GobjLhixFuANaNs3C9l4GmrWqejgXWJ7BbJcFYpTEUkS1Ge8bpZQ==}

  unpipe@1.0.0:
    resolution: {integrity: sha512-pjy2bYhSsufwWlKwPc+l3cN7+wuJlK6uz0YdJEOlQDbl6jo/YlPi4mb8agUkVC8BF7V8NuzeyPNqRksA3hztKQ==}
    engines: {node: '>= 0.8'}

  utils-merge@1.0.1:
    resolution: {integrity: sha512-pMZTvIkT1d+TFGvDOqodOclx0QWkkgi6Tdoa8gC8ffGAAqz9pzPTZWAybbsHHoED/ztMtkv/VoYTYyShUn81hA==}
    engines: {node: '>= 0.4.0'}

  vary@1.1.2:
    resolution: {integrity: sha512-BNGbWLfd0eUPabhkXUVm0j8uuvREyTh5ovRa/dyow/BqAbZJyC+5fU+IzQOzmAKzYqYRAISoRhdQr3eIZ/PXqg==}
    engines: {node: '>= 0.8'}

  xhr2@0.2.1:
    resolution: {integrity: sha512-sID0rrVCqkVNUn8t6xuv9+6FViXjUVXq8H5rWOH2rz9fDNQEd4g0EA2XlcEdJXRz5BMEn4O1pJFdT+z4YHhoWw==}
    engines: {node: '>= 6'}

snapshots:

  '@angular/common@22.0.5(@angular/core@22.0.5(@angular/compiler@22.0.5)(rxjs@7.8.2))(rxjs@7.8.2)':
    dependencies:
      '@angular/core': 22.0.5(@angular/compiler@22.0.5)(rxjs@7.8.2)
      rxjs: 7.8.2
      tslib: 2.8.1

  '@angular/compiler@22.0.5':
    dependencies:
      tslib: 2.8.1

  '@angular/core@22.0.5(@angular/compiler@22.0.5)(rxjs@7.8.2)':
    dependencies:
      rxjs: 7.8.2
      tslib: 2.8.1
    optionalDependencies:
      '@angular/compiler': 22.0.5

  '@angular/platform-browser@22.0.5(@angular/common@22.0.5(@angular/core@22.0.5(@angular/compiler@22.0.5)(rxjs@7.8.2))(rxjs@7.8.2))(@angular/core@22.0.5(@angular/compiler@22.0.5)(rxjs@7.8.2))':
    dependencies:
      '@angular/common': 22.0.5(@angular/core@22.0.5(@angular/compiler@22.0.5)(rxjs@7.8.2))(rxjs@7.8.2)
      '@angular/core': 22.0.5(@angular/compiler@22.0.5)(rxjs@7.8.2)
      tslib: 2.8.1

  '@angular/platform-server@22.0.5(@angular/common@22.0.5(@angular/core@22.0.5(@angular/compiler@22.0.5)(rxjs@7.8.2))(rxjs@7.8.2))(@angular/compiler@22.0.5)(@angular/core@22.0.5(@angular/compiler@22.0.5)(rxjs@7.8.2))(@angular/platform-browser@22.0.5(@angular/common@22.0.5(@angular/core@22.0.5(@angular/compiler@22.0.5)(rxjs@7.8.2))(rxjs@7.8.2))(@angular/core@22.0.5(@angular/compiler@22.0.5)(rxjs@7.8.2)))(rxjs@7.8.2)':
    dependencies:
      '@angular/common': 22.0.5(@angular/core@22.0.5(@angular/compiler@22.0.5)(rxjs@7.8.2))(rxjs@7.8.2)
      '@angular/compiler': 22.0.5
      '@angular/core': 22.0.5(@angular/compiler@22.0.5)(rxjs@7.8.2)
      '@angular/platform-browser': 22.0.5(@angular/common@22.0.5(@angular/core@22.0.5(@angular/compiler@22.0.5)(rxjs@7.8.2))(rxjs@7.8.2))(@angular/core@22.0.5(@angular/compiler@22.0.5)(rxjs@7.8.2))
      rxjs: 7.8.2
      tslib: 2.8.1
      xhr2: 0.2.1

  '@angular/router@22.0.5(@angular/common@22.0.5(@angular/core@22.0.5(@angular/compiler@22.0.5)(rxjs@7.8.2))(rxjs@7.8.2))(@angular/core@22.0.5(@angular/compiler@22.0.5)(rxjs@7.8.2))(@angular/platform-browser@22.0.5(@angular/common@22.0.5(@angular/core@22.0.5(@angular/compiler@22.0.5)(rxjs@7.8.2))(rxjs@7.8.2))(@angular/core@22.0.5(@angular/compiler@22.0.5)(rxjs@7.8.2)))(rxjs@7.8.2)':
    dependencies:
      '@angular/common': 22.0.5(@angular/core@22.0.5(@angular/compiler@22.0.5)(rxjs@7.8.2))(rxjs@7.8.2)
      '@angular/core': 22.0.5(@angular/compiler@22.0.5)(rxjs@7.8.2)
      '@angular/platform-browser': 22.0.5(@angular/common@22.0.5(@angular/core@22.0.5(@angular/compiler@22.0.5)(rxjs@7.8.2))(rxjs@7.8.2))(@angular/core@22.0.5(@angular/compiler@22.0.5)(rxjs@7.8.2))
      rxjs: 7.8.2
      tslib: 2.8.1

  '@angular/ssr@22.0.5(@angular/common@22.0.5(@angular/core@22.0.5(@angular/compiler@22.0.5)(rxjs@7.8.2))(rxjs@7.8.2))(@angular/core@22.0.5(@angular/compiler@22.0.5)(rxjs@7.8.2))(@angular/platform-server@22.0.5(@angular/common@22.0.5(@angular/core@22.0.5(@angular/compiler@22.0.5)(rxjs@7.8.2))(rxjs@7.8.2))(@angular/compiler@22.0.5)(@angular/core@22.0.5(@angular/compiler@22.0.5)(rxjs@7.8.2))(@angular/platform-browser@22.0.5(@angular/common@22.0.5(@angular/core@22.0.5(@angular/compiler@22.0.5)(rxjs@7.8.2))(rxjs@7.8.2))(@angular/core@22.0.5(@angular/compiler@22.0.5)(rxjs@7.8.2)))(rxjs@7.8.2))(@angular/router@22.0.5(@angular/common@22.0.5(@angular/core@22.0.5(@angular/compiler@22.0.5)(rxjs@7.8.2))(rxjs@7.8.2))(@angular/core@22.0.5(@angular/compiler@22.0.5)(rxjs@7.8.2))(@angular/platform-browser@22.0.5(@angular/common@22.0.5(@angular/core@22.0.5(@angular/compiler@22.0.5)(rxjs@7.8.2))(rxjs@7.8.2))(@angular/core@22.0.5(@angular/compiler@22.0.5)(rxjs@7.8.2)))(rxjs@7.8.2))':
    dependencies:
      '@angular/common': 22.0.5(@angular/core@22.0.5(@angular/compiler@22.0.5)(rxjs@7.8.2))(rxjs@7.8.2)
      '@angular/core': 22.0.5(@angular/compiler@22.0.5)(rxjs@7.8.2)
      '@angular/router': 22.0.5(@angular/common@22.0.5(@angular/core@22.0.5(@angular/compiler@22.0.5)(rxjs@7.8.2))(rxjs@7.8.2))(@angular/core@22.0.5(@angular/compiler@22.0.5)(rxjs@7.8.2))(@angular/platform-browser@22.0.5(@angular/common@22.0.5(@angular/core@22.0.5(@angular/compiler@22.0.5)(rxjs@7.8.2))(rxjs@7.8.2))(@angular/core@22.0.5(@angular/compiler@22.0.5)(rxjs@7.8.2)))(rxjs@7.8.2)
      tslib: 2.8.1
    optionalDependencies:
      '@angular/platform-server': 22.0.5(@angular/common@22.0.5(@angular/core@22.0.5(@angular/compiler@22.0.5)(rxjs@7.8.2))(rxjs@7.8.2))(@angular/compiler@22.0.5)(@angular/core@22.0.5(@angular/compiler@22.0.5)(rxjs@7.8.2))(@angular/platform-browser@22.0.5(@angular/common@22.0.5(@angular/core@22.0.5(@angular/compiler@22.0.5)(rxjs@7.8.2))(rxjs@7.8.2))(@angular/core@22.0.5(@angular/compiler@22.0.5)(rxjs@7.8.2)))(rxjs@7.8.2)

  '@emnapi/core@1.11.1':
    dependencies:
      '@emnapi/wasi-threads': 1.2.2
      tslib: 2.8.1
    optional: true

  '@emnapi/runtime@1.11.1':
    dependencies:
      tslib: 2.8.1
    optional: true

  '@emnapi/wasi-threads@1.2.2':
    dependencies:
      tslib: 2.8.1
    optional: true

  '@napi-rs/wasm-runtime@1.1.6(@emnapi/core@1.11.1)(@emnapi/runtime@1.11.1)':
    dependencies:
      '@emnapi/core': 1.11.1
      '@emnapi/runtime': 1.11.1
      '@tybys/wasm-util': 0.10.3
    optional: true

  '@rspack/binding-darwin-arm64@2.1.2':
    optional: true

  '@rspack/binding-darwin-x64@2.1.2':
    optional: true

  '@rspack/binding-linux-arm64-gnu@2.1.2':
    optional: true

  '@rspack/binding-linux-arm64-musl@2.1.2':
    optional: true

  '@rspack/binding-linux-riscv64-gnu@2.1.2':
    optional: true

  '@rspack/binding-linux-riscv64-musl@2.1.2':
    optional: true

  '@rspack/binding-linux-x64-gnu@2.1.2':
    optional: true

  '@rspack/binding-linux-x64-musl@2.1.2':
    optional: true

  '@rspack/binding-wasm32-wasi@2.1.2':
    dependencies:
      '@emnapi/core': 1.11.1
      '@emnapi/runtime': 1.11.1
      '@napi-rs/wasm-runtime': 1.1.6(@emnapi/core@1.11.1)(@emnapi/runtime@1.11.1)
    optional: true

  '@rspack/binding-win32-arm64-msvc@2.1.2':
    optional: true

  '@rspack/binding-win32-ia32-msvc@2.1.2':
    optional: true

  '@rspack/binding-win32-x64-msvc@2.1.2':
    optional: true

  '@rspack/binding@2.1.2':
    optionalDependencies:
      '@rspack/binding-darwin-arm64': 2.1.2
      '@rspack/binding-darwin-x64': 2.1.2
      '@rspack/binding-linux-arm64-gnu': 2.1.2
      '@rspack/binding-linux-arm64-musl': 2.1.2
      '@rspack/binding-linux-riscv64-gnu': 2.1.2
      '@rspack/binding-linux-riscv64-musl': 2.1.2
      '@rspack/binding-linux-x64-gnu': 2.1.2
      '@rspack/binding-linux-x64-musl': 2.1.2
      '@rspack/binding-wasm32-wasi': 2.1.2
      '@rspack/binding-win32-arm64-msvc': 2.1.2
      '@rspack/binding-win32-ia32-msvc': 2.1.2
      '@rspack/binding-win32-x64-msvc': 2.1.2

  '@rspack/cli@2.1.2(@rspack/core@2.1.2)':
    dependencies:
      '@rspack/core': 2.1.2

  '@rspack/core@2.1.2':
    dependencies:
      '@rspack/binding': 2.1.2

  '@tybys/wasm-util@0.10.3':
    dependencies:
      tslib: 2.8.1
    optional: true

  '@types/body-parser@1.19.6':
    dependencies:
      '@types/connect': 3.4.38
      '@types/node': 26.1.0

  '@types/connect@3.4.38':
    dependencies:
      '@types/node': 26.1.0

  '@types/express-serve-static-core@4.19.8':
    dependencies:
      '@types/node': 26.1.0
      '@types/qs': 6.15.1
      '@types/range-parser': 1.2.7
      '@types/send': 1.2.1

  '@types/express@4.17.25':
    dependencies:
      '@types/body-parser': 1.19.6
      '@types/express-serve-static-core': 4.19.8
      '@types/qs': 6.15.1
      '@types/serve-static': 1.15.10

  '@types/http-errors@2.0.5': {}

  '@types/mime@1.3.5': {}

  '@types/node@26.1.0':
    dependencies:
      undici-types: 8.3.0

  '@types/qs@6.15.1': {}

  '@types/range-parser@1.2.7': {}

  '@types/send@0.17.6':
    dependencies:
      '@types/mime': 1.3.5
      '@types/node': 26.1.0

  '@types/send@1.2.1':
    dependencies:
      '@types/node': 26.1.0

  '@types/serve-static@1.15.10':
    dependencies:
      '@types/http-errors': 2.0.5
      '@types/node': 26.1.0
      '@types/send': 0.17.6

  accepts@1.3.8:
    dependencies:
      mime-types: 2.1.35
      negotiator: 0.6.3

  array-flatten@1.1.1: {}

  body-parser@1.20.5:
    dependencies:
      bytes: 3.1.2
      content-type: 1.0.5
      debug: 2.6.9
      depd: 2.0.0
      destroy: 1.2.0
      http-errors: 2.0.1
      iconv-lite: 0.4.24
      on-finished: 2.4.1
      qs: 6.15.3
      raw-body: 2.5.3
      type-is: 1.6.18
      unpipe: 1.0.0
    transitivePeerDependencies:
      - supports-color

  bytes@3.1.2: {}

  call-bind-apply-helpers@1.0.2:
    dependencies:
      es-errors: 1.3.0
      function-bind: 1.1.2

  call-bound@1.0.4:
    dependencies:
      call-bind-apply-helpers: 1.0.2
      get-intrinsic: 1.3.0

  content-disposition@0.5.4:
    dependencies:
      safe-buffer: 5.2.1

  content-type@1.0.5: {}

  cookie-signature@1.0.7: {}

  cookie@0.7.2: {}

  debug@2.6.9:
    dependencies:
      ms: 2.0.0

  depd@2.0.0: {}

  destroy@1.2.0: {}

  dunder-proto@1.0.1:
    dependencies:
      call-bind-apply-helpers: 1.0.2
      es-errors: 1.3.0
      gopd: 1.2.0

  ee-first@1.1.1: {}

  encodeurl@2.0.0: {}

  es-define-property@1.0.1: {}

  es-errors@1.3.0: {}

  es-object-atoms@1.1.2:
    dependencies:
      es-errors: 1.3.0

  escape-html@1.0.3: {}

  etag@1.8.1: {}

  express@4.22.2:
    dependencies:
      accepts: 1.3.8
      array-flatten: 1.1.1
      body-parser: 1.20.5
      content-disposition: 0.5.4
      content-type: 1.0.5
      cookie: 0.7.2
      cookie-signature: 1.0.7
      debug: 2.6.9
      depd: 2.0.0
      encodeurl: 2.0.0
      escape-html: 1.0.3
      etag: 1.8.1
      finalhandler: 1.3.2
      fresh: 0.5.2
      http-errors: 2.0.1
      merge-descriptors: 1.0.3
      methods: 1.1.2
      on-finished: 2.4.1
      parseurl: 1.3.3
      path-to-regexp: 0.1.13
      proxy-addr: 2.0.7
      qs: 6.15.3
      range-parser: 1.2.1
      safe-buffer: 5.2.1
      send: 0.19.2
      serve-static: 1.16.3
      setprototypeof: 1.2.0
      statuses: 2.0.2
      type-is: 1.6.18
      utils-merge: 1.0.1
      vary: 1.1.2
    transitivePeerDependencies:
      - supports-color

  finalhandler@1.3.2:
    dependencies:
      debug: 2.6.9
      encodeurl: 2.0.0
      escape-html: 1.0.3
      on-finished: 2.4.1
      parseurl: 1.3.3
      statuses: 2.0.2
      unpipe: 1.0.0
    transitivePeerDependencies:
      - supports-color

  forwarded@0.2.0: {}

  fresh@0.5.2: {}

  function-bind@1.1.2: {}

  get-intrinsic@1.3.0:
    dependencies:
      call-bind-apply-helpers: 1.0.2
      es-define-property: 1.0.1
      es-errors: 1.3.0
      es-object-atoms: 1.1.2
      function-bind: 1.1.2
      get-proto: 1.0.1
      gopd: 1.2.0
      has-symbols: 1.1.0
      hasown: 2.0.4
      math-intrinsics: 1.1.0

  get-proto@1.0.1:
    dependencies:
      dunder-proto: 1.0.1
      es-object-atoms: 1.1.2

  gopd@1.2.0: {}

  has-symbols@1.1.0: {}

  hasown@2.0.4:
    dependencies:
      function-bind: 1.1.2

  http-errors@2.0.1:
    dependencies:
      depd: 2.0.0
      inherits: 2.0.4
      setprototypeof: 1.2.0
      statuses: 2.0.2
      toidentifier: 1.0.1

  iconv-lite@0.4.24:
    dependencies:
      safer-buffer: 2.1.2

  inherits@2.0.4: {}

  ipaddr.js@1.9.1: {}

  math-intrinsics@1.1.0: {}

  media-typer@0.3.0: {}

  merge-descriptors@1.0.3: {}

  methods@1.1.2: {}

  mime-db@1.52.0: {}

  mime-types@2.1.35:
    dependencies:
      mime-db: 1.52.0

  mime@1.6.0: {}

  ms@2.0.0: {}

  ms@2.1.3: {}

  negotiator@0.6.3: {}

  object-inspect@1.13.4: {}

  on-finished@2.4.1:
    dependencies:
      ee-first: 1.1.1

  parseurl@1.3.3: {}

  path-to-regexp@0.1.13: {}

  proxy-addr@2.0.7:
    dependencies:
      forwarded: 0.2.0
      ipaddr.js: 1.9.1

  qs@6.15.3:
    dependencies:
      es-define-property: 1.0.1
      side-channel: 1.1.1

  range-parser@1.2.1: {}

  raw-body@2.5.3:
    dependencies:
      bytes: 3.1.2
      http-errors: 2.0.1
      iconv-lite: 0.4.24
      unpipe: 1.0.0

  rxjs@7.8.2:
    dependencies:
      tslib: 2.8.1

  safe-buffer@5.2.1: {}

  safer-buffer@2.1.2: {}

  send@0.19.2:
    dependencies:
      debug: 2.6.9
      depd: 2.0.0
      destroy: 1.2.0
      encodeurl: 2.0.0
      escape-html: 1.0.3
      etag: 1.8.1
      fresh: 0.5.2
      http-errors: 2.0.1
      mime: 1.6.0
      ms: 2.1.3
      on-finished: 2.4.1
      range-parser: 1.2.1
      statuses: 2.0.2
    transitivePeerDependencies:
      - supports-color

  serve-static@1.16.3:
    dependencies:
      encodeurl: 2.0.0
      escape-html: 1.0.3
      parseurl: 1.3.3
      send: 0.19.2
    transitivePeerDependencies:
      - supports-color

  setprototypeof@1.2.0: {}

  side-channel-list@1.0.1:
    dependencies:
      es-errors: 1.3.0
      object-inspect: 1.13.4

  side-channel-map@1.0.1:
    dependencies:
      call-bound: 1.0.4
      es-errors: 1.3.0
      get-intrinsic: 1.3.0
      object-inspect: 1.13.4

  side-channel-weakmap@1.0.2:
    dependencies:
      call-bound: 1.0.4
      es-errors: 1.3.0
      get-intrinsic: 1.3.0
      object-inspect: 1.13.4
      side-channel-map: 1.0.1

  side-channel@1.1.1:
    dependencies:
      es-errors: 1.3.0
      object-inspect: 1.13.4
      side-channel-list: 1.0.1
      side-channel-map: 1.0.1
      side-channel-weakmap: 1.0.2

  statuses@2.0.2: {}

  toidentifier@1.0.1: {}

  tslib@2.8.1: {}

  type-is@1.6.18:
    dependencies:
      media-typer: 0.3.0
      mime-types: 2.1.35

  typescript@6.0.3: {}

  undici-types@8.3.0: {}

  unpipe@1.0.0: {}

  utils-merge@1.0.1: {}

  vary@1.1.2: {}

  xhr2@0.2.1: {}
